// !$*UTF8*$!
{
	archiveVersion = 1;
	classes = {
	};
	objectVersion = 46;
	objects = {

/* Begin PBXBuildFile section */
		1B6553FF7EC8396A84474B40 /* libPods-PhotosTests.a in Frameworks */ = {isa = PBXBuildFile; fileRef = D3EDBAC77BD19A415190613F /* libPods-PhotosTests.a */; };
		8DB188E5385419C9896A3C8D /* libPods-Photos.a in Frameworks */ = {isa = PBXBuildFile; fileRef = 63319A6B8057BCED2EE6F4B4 /* libPods-Photos.a */; };
		A7AA686D1D40D3B7004A5542 /* main.m in Sources */ = {isa = PBXBuildFile; fileRef = A7AA686C1D40D3B7004A5542 /* main.m */; };
		A7AA68701D40D3B7004A5542 /* AppDelegate.m in Sources */ = {isa = PBXBuildFile; fileRef = A7AA686F1D40D3B7004A5542 /* AppDelegate.m */; };
		A7AA68731D40D3B7004A5542 /* ViewController.m in Sources */ = {isa = PBXBuildFile; fileRef = A7AA68721D40D3B7004A5542 /* ViewController.m */; };
		A7AA68781D40D3B7004A5542 /* Assets.xcassets in Resources */ = {isa = PBXBuildFile; fileRef = A7AA68771D40D3B7004A5542 /* Assets.xcassets */; };
		A7AA687B1D40D3B7004A5542 /* LaunchScreen.storyboard in Resources */ = {isa = PBXBuildFile; fileRef = A7AA68791D40D3B7004A5542 /* LaunchScreen.storyboard */; };
		A7AA68911D40D3B8004A5542 /* PhotosUITests.m in Sources */ = {isa = PBXBuildFile; fileRef = A7AA68901D40D3B8004A5542 /* PhotosUITests.m */; };
		A7AA68AD1D40D6C9004A5542 /* PSApiClient.m in Sources */ = {isa = PBXBuildFile; fileRef = A7AA68AC1D40D6C9004A5542 /* PSApiClient.m */; };
		A7AA68AE1D40D6C9004A5542 /* PSApiClient.m in Sources */ = {isa = PBXBuildFile; fileRef = A7AA68AC1D40D6C9004A5542 /* PSApiClient.m */; };
		A7AA68AF1D40D6C9004A5542 /* PSApiClient.m in Sources */ = {isa = PBXBuildFile; fileRef = A7AA68AC1D40D6C9004A5542 /* PSApiClient.m */; };
		A7AA68B61D40D759004A5542 /* PSAppConfig.m in Sources */ = {isa = PBXBuildFile; fileRef = A7AA68B51D40D759004A5542 /* PSAppConfig.m */; };
		A7AA68B71D40D759004A5542 /* PSAppConfig.m in Sources */ = {isa = PBXBuildFile; fileRef = A7AA68B51D40D759004A5542 /* PSAppConfig.m */; };
		A7AA68B81D40D759004A5542 /* PSAppConfig.m in Sources */ = {isa = PBXBuildFile; fileRef = A7AA68B51D40D759004A5542 /* PSAppConfig.m */; };
		A7AA68BD1D40D83C004A5542 /* PSRequestSerializer.m in Sources */ = {isa = PBXBuildFile; fileRef = A7AA68BA1D40D83C004A5542 /* PSRequestSerializer.m */; };
		A7AA68BE1D40D83C004A5542 /* PSRequestSerializer.m in Sources */ = {isa = PBXBuildFile; fileRef = A7AA68BA1D40D83C004A5542 /* PSRequestSerializer.m */; };
		A7AA68BF1D40D83C004A5542 /* PSRequestSerializer.m in Sources */ = {isa = PBXBuildFile; fileRef = A7AA68BA1D40D83C004A5542 /* PSRequestSerializer.m */; };
		A7AA68C01D40D83C004A5542 /* PSResponseSerializer.m in Sources */ = {isa = PBXBuildFile; fileRef = A7AA68BC1D40D83C004A5542 /* PSResponseSerializer.m */; };
		A7AA68C11D40D83C004A5542 /* PSResponseSerializer.m in Sources */ = {isa = PBXBuildFile; fileRef = A7AA68BC1D40D83C004A5542 /* PSResponseSerializer.m */; };
		A7AA68C21D40D83C004A5542 /* PSResponseSerializer.m in Sources */ = {isa = PBXBuildFile; fileRef = A7AA68BC1D40D83C004A5542 /* PSResponseSerializer.m */; };
		A7AA68C61D40E61F004A5542 /* JSONParseUtils.m in Sources */ = {isa = PBXBuildFile; fileRef = A7AA68C51D40E61F004A5542 /* JSONParseUtils.m */; };
		A7AA68C71D40E61F004A5542 /* JSONParseUtils.m in Sources */ = {isa = PBXBuildFile; fileRef = A7AA68C51D40E61F004A5542 /* JSONParseUtils.m */; };
		A7AA68C81D40E61F004A5542 /* JSONParseUtils.m in Sources */ = {isa = PBXBuildFile; fileRef = A7AA68C51D40E61F004A5542 /* JSONParseUtils.m */; };
		A7AA68CE1D40E63C004A5542 /* PSServerSentError.m in Sources */ = {isa = PBXBuildFile; fileRef = A7AA68CB1D40E63C004A5542 /* PSServerSentError.m */; };
		A7AA68CF1D40E63C004A5542 /* PSServerSentError.m in Sources */ = {isa = PBXBuildFile; fileRef = A7AA68CB1D40E63C004A5542 /* PSServerSentError.m */; };
		A7AA68D01D40E63C004A5542 /* PSServerSentError.m in Sources */ = {isa = PBXBuildFile; fileRef = A7AA68CB1D40E63C004A5542 /* PSServerSentError.m */; };
		A7AA68D11D40E63C004A5542 /* NSError+API.m in Sources */ = {isa = PBXBuildFile; fileRef = A7AA68CD1D40E63C004A5542 /* NSError+API.m */; };
		A7AA68D21D40E63C004A5542 /* NSError+API.m in Sources */ = {isa = PBXBuildFile; fileRef = A7AA68CD1D40E63C004A5542 /* NSError+API.m */; };
		A7AA68D31D40E63C004A5542 /* NSError+API.m in Sources */ = {isa = PBXBuildFile; fileRef = A7AA68CD1D40E63C004A5542 /* NSError+API.m */; };
		A7AA68DD1D40E78C004A5542 /* NSObject+Runtime.m in Sources */ = {isa = PBXBuildFile; fileRef = A7AA68D61D40E78C004A5542 /* NSObject+Runtime.m */; };
		A7AA68DE1D40E78C004A5542 /* NSObject+Runtime.m in Sources */ = {isa = PBXBuildFile; fileRef = A7AA68D61D40E78C004A5542 /* NSObject+Runtime.m */; };
		A7AA68DF1D40E78C004A5542 /* NSObject+Runtime.m in Sources */ = {isa = PBXBuildFile; fileRef = A7AA68D61D40E78C004A5542 /* NSObject+Runtime.m */; };
		A7AA68E01D40E78C004A5542 /* NSObject+JSON.m in Sources */ = {isa = PBXBuildFile; fileRef = A7AA68D81D40E78C004A5542 /* NSObject+JSON.m */; };
		A7AA68E11D40E78C004A5542 /* NSObject+JSON.m in Sources */ = {isa = PBXBuildFile; fileRef = A7AA68D81D40E78C004A5542 /* NSObject+JSON.m */; };
		A7AA68E21D40E78C004A5542 /* NSObject+JSON.m in Sources */ = {isa = PBXBuildFile; fileRef = A7AA68D81D40E78C004A5542 /* NSObject+JSON.m */; };
		A7AA68E31D40E78C004A5542 /* NSDictionary+StripNil.m in Sources */ = {isa = PBXBuildFile; fileRef = A7AA68DA1D40E78C004A5542 /* NSDictionary+StripNil.m */; };
		A7AA68E41D40E78C004A5542 /* NSDictionary+StripNil.m in Sources */ = {isa = PBXBuildFile; fileRef = A7AA68DA1D40E78C004A5542 /* NSDictionary+StripNil.m */; };
		A7AA68E51D40E78C004A5542 /* NSDictionary+StripNil.m in Sources */ = {isa = PBXBuildFile; fileRef = A7AA68DA1D40E78C004A5542 /* NSDictionary+StripNil.m */; };
		A7AA68E61D40E78C004A5542 /* NSArray+StripNil.m in Sources */ = {isa = PBXBuildFile; fileRef = A7AA68DC1D40E78C004A5542 /* NSArray+StripNil.m */; };
		A7AA68E71D40E78C004A5542 /* NSArray+StripNil.m in Sources */ = {isa = PBXBuildFile; fileRef = A7AA68DC1D40E78C004A5542 /* NSArray+StripNil.m */; };
		A7AA68E81D40E78C004A5542 /* NSArray+StripNil.m in Sources */ = {isa = PBXBuildFile; fileRef = A7AA68DC1D40E78C004A5542 /* NSArray+StripNil.m */; };
		A7AA68EA1D40E894004A5542 /* PSApiClient_Tests.m in Sources */ = {isa = PBXBuildFile; fileRef = A7AA68E91D40E894004A5542 /* PSApiClient_Tests.m */; };
		A7AA68ED1D40E8C8004A5542 /* PSTestCase.m in Sources */ = {isa = PBXBuildFile; fileRef = A7AA68EC1D40E8C8004A5542 /* PSTestCase.m */; };
		A7AA68EF1D40E985004A5542 /* PSRequestSerializer_Tests.m in Sources */ = {isa = PBXBuildFile; fileRef = A7AA68EE1D40E985004A5542 /* PSRequestSerializer_Tests.m */; };
		A7AA68F11D40E99C004A5542 /* PSResponseSerializer_Tests.m in Sources */ = {isa = PBXBuildFile; fileRef = A7AA68F01D40E99C004A5542 /* PSResponseSerializer_Tests.m */; };
		A7AA68F41D40EB61004A5542 /* PSObject.m in Sources */ = {isa = PBXBuildFile; fileRef = A7AA68F31D40EB61004A5542 /* PSObject.m */; };
		A7AA68F51D40EB61004A5542 /* PSObject.m in Sources */ = {isa = PBXBuildFile; fileRef = A7AA68F31D40EB61004A5542 /* PSObject.m */; };
		A7AA68F61D40EB61004A5542 /* PSObject.m in Sources */ = {isa = PBXBuildFile; fileRef = A7AA68F31D40EB61004A5542 /* PSObject.m */; };
		A7AA68FC1D40EF87004A5542 /* PSPlayground.m in Sources */ = {isa = PBXBuildFile; fileRef = A7AA68FB1D40EF87004A5542 /* PSPlayground.m */; };
		A7AA68FF1D4122A4004A5542 /* PSApiManager.m in Sources */ = {isa = PBXBuildFile; fileRef = A7AA68FE1D4122A4004A5542 /* PSApiManager.m */; };
		A7AA69001D4122A4004A5542 /* PSApiManager.m in Sources */ = {isa = PBXBuildFile; fileRef = A7AA68FE1D4122A4004A5542 /* PSApiManager.m */; };
		A7AA69011D4122A4004A5542 /* PSApiManager.m in Sources */ = {isa = PBXBuildFile; fileRef = A7AA68FE1D4122A4004A5542 /* PSApiManager.m */; };
		A7AA69041D412329004A5542 /* PSPhotosApiManager.m in Sources */ = {isa = PBXBuildFile; fileRef = A7AA69031D412329004A5542 /* PSPhotosApiManager.m */; };
		A7AA69051D412329004A5542 /* PSPhotosApiManager.m in Sources */ = {isa = PBXBuildFile; fileRef = A7AA69031D412329004A5542 /* PSPhotosApiManager.m */; };
		A7AA69061D412329004A5542 /* PSPhotosApiManager.m in Sources */ = {isa = PBXBuildFile; fileRef = A7AA69031D412329004A5542 /* PSPhotosApiManager.m */; };
		A7AA690B1D412B5A004A5542 /* PSDataManager.m in Sources */ = {isa = PBXBuildFile; fileRef = A7AA69081D412B59004A5542 /* PSDataManager.m */; };
		A7AA690C1D412B5A004A5542 /* PSDataManager.m in Sources */ = {isa = PBXBuildFile; fileRef = A7AA69081D412B59004A5542 /* PSDataManager.m */; };
		A7AA690D1D412B5A004A5542 /* PSDataManager.m in Sources */ = {isa = PBXBuildFile; fileRef = A7AA69081D412B59004A5542 /* PSDataManager.m */; };
		A7AA690E1D412B5A004A5542 /* PSApiResponseHandler.m in Sources */ = {isa = PBXBuildFile; fileRef = A7AA690A1D412B5A004A5542 /* PSApiResponseHandler.m */; };
		A7AA690F1D412B5A004A5542 /* PSApiResponseHandler.m in Sources */ = {isa = PBXBuildFile; fileRef = A7AA690A1D412B5A004A5542 /* PSApiResponseHandler.m */; };
		A7AA69101D412B5A004A5542 /* PSApiResponseHandler.m in Sources */ = {isa = PBXBuildFile; fileRef = A7AA690A1D412B5A004A5542 /* PSApiResponseHandler.m */; };
		A7AA69141D412C2F004A5542 /* UIViewController+Top.m in Sources */ = {isa = PBXBuildFile; fileRef = A7AA69131D412C2F004A5542 /* UIViewController+Top.m */; };
		A7AA69151D412C2F004A5542 /* UIViewController+Top.m in Sources */ = {isa = PBXBuildFile; fileRef = A7AA69131D412C2F004A5542 /* UIViewController+Top.m */; };
		A7AA69161D412C2F004A5542 /* UIViewController+Top.m in Sources */ = {isa = PBXBuildFile; fileRef = A7AA69131D412C2F004A5542 /* UIViewController+Top.m */; };
		A7AA69191D412D9C004A5542 /* PSPhotosManager.m in Sources */ = {isa = PBXBuildFile; fileRef = A7AA69181D412D9C004A5542 /* PSPhotosManager.m */; };
		A7AA691A1D412D9C004A5542 /* PSPhotosManager.m in Sources */ = {isa = PBXBuildFile; fileRef = A7AA69181D412D9C004A5542 /* PSPhotosManager.m */; };
		A7AA691B1D412D9C004A5542 /* PSPhotosManager.m in Sources */ = {isa = PBXBuildFile; fileRef = A7AA69181D412D9C004A5542 /* PSPhotosManager.m */; };
		A7AA691E1D413063004A5542 /* PSPageCursor.m in Sources */ = {isa = PBXBuildFile; fileRef = A7AA691D1D413063004A5542 /* PSPageCursor.m */; };
		A7AA691F1D413063004A5542 /* PSPageCursor.m in Sources */ = {isa = PBXBuildFile; fileRef = A7AA691D1D413063004A5542 /* PSPageCursor.m */; };
		A7AA69201D413063004A5542 /* PSPageCursor.m in Sources */ = {isa = PBXBuildFile; fileRef = A7AA691D1D413063004A5542 /* PSPageCursor.m */; };
		A7AA69241D41336B004A5542 /* PSPhotosResponseHandler.m in Sources */ = {isa = PBXBuildFile; fileRef = A7AA69231D41336B004A5542 /* PSPhotosResponseHandler.m */; };
		A7AA69251D41336B004A5542 /* PSPhotosResponseHandler.m in Sources */ = {isa = PBXBuildFile; fileRef = A7AA69231D41336B004A5542 /* PSPhotosResponseHandler.m */; };
		A7AA69261D41336B004A5542 /* PSPhotosResponseHandler.m in Sources */ = {isa = PBXBuildFile; fileRef = A7AA69231D41336B004A5542 /* PSPhotosResponseHandler.m */; };
		A7AA69291D413452004A5542 /* PSPhotosResponse.m in Sources */ = {isa = PBXBuildFile; fileRef = A7AA69281D413452004A5542 /* PSPhotosResponse.m */; };
		A7AA692A1D413452004A5542 /* PSPhotosResponse.m in Sources */ = {isa = PBXBuildFile; fileRef = A7AA69281D413452004A5542 /* PSPhotosResponse.m */; };
		A7AA692B1D413452004A5542 /* PSPhotosResponse.m in Sources */ = {isa = PBXBuildFile; fileRef = A7AA69281D413452004A5542 /* PSPhotosResponse.m */; };
		A7AA692E1D413466004A5542 /* PSPhoto.m in Sources */ = {isa = PBXBuildFile; fileRef = A7AA692D1D413466004A5542 /* PSPhoto.m */; };
		A7AA692F1D413466004A5542 /* PSPhoto.m in Sources */ = {isa = PBXBuildFile; fileRef = A7AA692D1D413466004A5542 /* PSPhoto.m */; };
		A7AA69301D413466004A5542 /* PSPhoto.m in Sources */ = {isa = PBXBuildFile; fileRef = A7AA692D1D413466004A5542 /* PSPhoto.m */; };
		A7AA69331D413C85004A5542 /* UIViewController+Embed.m in Sources */ = {isa = PBXBuildFile; fileRef = A7AA69321D413C85004A5542 /* UIViewController+Embed.m */; };
		A7AA69341D413C85004A5542 /* UIViewController+Embed.m in Sources */ = {isa = PBXBuildFile; fileRef = A7AA69321D413C85004A5542 /* UIViewController+Embed.m */; };
		A7AA69351D413C85004A5542 /* UIViewController+Embed.m in Sources */ = {isa = PBXBuildFile; fileRef = A7AA69321D413C85004A5542 /* UIViewController+Embed.m */; };
		A7AA69381D413E03004A5542 /* PSAppCoordinator.m in Sources */ = {isa = PBXBuildFile; fileRef = A7AA69371D413E03004A5542 /* PSAppCoordinator.m */; };
		A7AA69391D413E03004A5542 /* PSAppCoordinator.m in Sources */ = {isa = PBXBuildFile; fileRef = A7AA69371D413E03004A5542 /* PSAppCoordinator.m */; };
		A7AA693A1D413E03004A5542 /* PSAppCoordinator.m in Sources */ = {isa = PBXBuildFile; fileRef = A7AA69371D413E03004A5542 /* PSAppCoordinator.m */; };
		A7AA693F1D413FEB004A5542 /* PSPhotoGridViewController.m in Sources */ = {isa = PBXBuildFile; fileRef = A7AA693D1D413FEB004A5542 /* PSPhotoGridViewController.m */; };
		A7AA69401D413FEB004A5542 /* PSPhotoGridViewController.m in Sources */ = {isa = PBXBuildFile; fileRef = A7AA693D1D413FEB004A5542 /* PSPhotoGridViewController.m */; };
		A7AA69411D413FEB004A5542 /* PSPhotoGridViewController.m in Sources */ = {isa = PBXBuildFile; fileRef = A7AA693D1D413FEB004A5542 /* PSPhotoGridViewController.m */; };
		A7AA69421D413FEB004A5542 /* PSPhotoGridViewController.xib in Resources */ = {isa = PBXBuildFile; fileRef = A7AA693E1D413FEB004A5542 /* PSPhotoGridViewController.xib */; };
		A7AA69431D413FEB004A5542 /* PSPhotoGridViewController.xib in Resources */ = {isa = PBXBuildFile; fileRef = A7AA693E1D413FEB004A5542 /* PSPhotoGridViewController.xib */; };
		A7AA69441D413FEB004A5542 /* PSPhotoGridViewController.xib in Resources */ = {isa = PBXBuildFile; fileRef = A7AA693E1D413FEB004A5542 /* PSPhotoGridViewController.xib */; };
		A7AA69491D414009004A5542 /* PSThumbnailCell.m in Sources */ = {isa = PBXBuildFile; fileRef = A7AA69471D414009004A5542 /* PSThumbnailCell.m */; };
		A7AA694A1D414009004A5542 /* PSThumbnailCell.m in Sources */ = {isa = PBXBuildFile; fileRef = A7AA69471D414009004A5542 /* PSThumbnailCell.m */; };
		A7AA694B1D414009004A5542 /* PSThumbnailCell.m in Sources */ = {isa = PBXBuildFile; fileRef = A7AA69471D414009004A5542 /* PSThumbnailCell.m */; };
		A7AA694C1D414009004A5542 /* PSThumbnailCell.xib in Resources */ = {isa = PBXBuildFile; fileRef = A7AA69481D414009004A5542 /* PSThumbnailCell.xib */; };
		A7AA694D1D414009004A5542 /* PSThumbnailCell.xib in Resources */ = {isa = PBXBuildFile; fileRef = A7AA69481D414009004A5542 /* PSThumbnailCell.xib */; };
		A7AA694E1D414009004A5542 /* PSThumbnailCell.xib in Resources */ = {isa = PBXBuildFile; fileRef = A7AA69481D414009004A5542 /* PSThumbnailCell.xib */; };
		A7AA69521D4140E9004A5542 /* PSPhotoGridDataSource.m in Sources */ = {isa = PBXBuildFile; fileRef = A7AA69511D4140E9004A5542 /* PSPhotoGridDataSource.m */; };
		A7AA69531D4140E9004A5542 /* PSPhotoGridDataSource.m in Sources */ = {isa = PBXBuildFile; fileRef = A7AA69511D4140E9004A5542 /* PSPhotoGridDataSource.m */; };
		A7AA69541D4140E9004A5542 /* PSPhotoGridDataSource.m in Sources */ = {isa = PBXBuildFile; fileRef = A7AA69511D4140E9004A5542 /* PSPhotoGridDataSource.m */; };
		A7AA69611D415F89004A5542 /* PSThumbnailMaker.m in Sources */ = {isa = PBXBuildFile; fileRef = A7AA69601D415F89004A5542 /* PSThumbnailMaker.m */; };
		A7AA69621D415F89004A5542 /* PSThumbnailMaker.m in Sources */ = {isa = PBXBuildFile; fileRef = A7AA69601D415F89004A5542 /* PSThumbnailMaker.m */; };
		A7AA69631D415F89004A5542 /* PSThumbnailMaker.m in Sources */ = {isa = PBXBuildFile; fileRef = A7AA69601D415F89004A5542 /* PSThumbnailMaker.m */; };
		A7AA696B1D4182C5004A5542 /* PSThumbnailResponseHandler.m in Sources */ = {isa = PBXBuildFile; fileRef = A7AA696A1D4182C5004A5542 /* PSThumbnailResponseHandler.m */; };
		A7AA696C1D4182C5004A5542 /* PSThumbnailResponseHandler.m in Sources */ = {isa = PBXBuildFile; fileRef = A7AA696A1D4182C5004A5542 /* PSThumbnailResponseHandler.m */; };
		A7AA696D1D4182C5004A5542 /* PSThumbnailResponseHandler.m in Sources */ = {isa = PBXBuildFile; fileRef = A7AA696A1D4182C5004A5542 /* PSThumbnailResponseHandler.m */; };
		A7AA69761D41A28F004A5542 /* CancelationToken.m in Sources */ = {isa = PBXBuildFile; fileRef = A7AA69751D41A28F004A5542 /* CancelationToken.m */; };
		A7AA69771D41A28F004A5542 /* CancelationToken.m in Sources */ = {isa = PBXBuildFile; fileRef = A7AA69751D41A28F004A5542 /* CancelationToken.m */; };
		A7AA69781D41A28F004A5542 /* CancelationToken.m in Sources */ = {isa = PBXBuildFile; fileRef = A7AA69751D41A28F004A5542 /* CancelationToken.m */; };
		A7AA699F1D41CE54004A5542 /* PSPhotoSearchViewController.m in Sources */ = {isa = PBXBuildFile; fileRef = A7AA699E1D41CE54004A5542 /* PSPhotoSearchViewController.m */; };
		A7AA69A01D41CE54004A5542 /* PSPhotoSearchViewController.m in Sources */ = {isa = PBXBuildFile; fileRef = A7AA699E1D41CE54004A5542 /* PSPhotoSearchViewController.m */; };
		A7AA69A11D41CE54004A5542 /* PSPhotoSearchViewController.m in Sources */ = {isa = PBXBuildFile; fileRef = A7AA699E1D41CE54004A5542 /* PSPhotoSearchViewController.m */; };
		A7AA69A71D41D039004A5542 /* PSPhotoSearchViewController.xib in Resources */ = {isa = PBXBuildFile; fileRef = A7AA69A61D41D039004A5542 /* PSPhotoSearchViewController.xib */; };
		A7AA69A81D41D039004A5542 /* PSPhotoSearchViewController.xib in Resources */ = {isa = PBXBuildFile; fileRef = A7AA69A61D41D039004A5542 /* PSPhotoSearchViewController.xib */; };
		A7AA69A91D41D039004A5542 /* PSPhotoSearchViewController.xib in Resources */ = {isa = PBXBuildFile; fileRef = A7AA69A61D41D039004A5542 /* PSPhotoSearchViewController.xib */; };
		A7AA69AC1D41E5E9004A5542 /* PSPhotoThumbnailURLMaker.m in Sources */ = {isa = PBXBuildFile; fileRef = A7AA69AB1D41E5E9004A5542 /* PSPhotoThumbnailURLMaker.m */; };
		A7AA69AD1D41E5E9004A5542 /* PSPhotoThumbnailURLMaker.m in Sources */ = {isa = PBXBuildFile; fileRef = A7AA69AB1D41E5E9004A5542 /* PSPhotoThumbnailURLMaker.m */; };
		A7AA69AE1D41E5E9004A5542 /* PSPhotoThumbnailURLMaker.m in Sources */ = {isa = PBXBuildFile; fileRef = A7AA69AB1D41E5E9004A5542 /* PSPhotoThumbnailURLMaker.m */; };
		A7AA69B21D41F4E6004A5542 /* PSPhotoResponseHandler_Test.m in Sources */ = {isa = PBXBuildFile; fileRef = A7AA69B11D41F4E6004A5542 /* PSPhotoResponseHandler_Test.m */; };
		A7AA69B41D41F7FE004A5542 /* Photos.JSON in Resources */ = {isa = PBXBuildFile; fileRef = A7AA69B31D41F7FE004A5542 /* Photos.JSON */; };
		A7AA69B61D42032C004A5542 /* Photos.JS in Resources */ = {isa = PBXBuildFile; fileRef = A7AA69B51D42032C004A5542 /* Photos.JS */; };
		A7AA69B81D42089E004A5542 /* Error.JS in Resources */ = {isa = PBXBuildFile; fileRef = A7AA69B71D42089E004A5542 /* Error.JS */; };
		A7AA69BB1D420AAA004A5542 /* README in Resources */ = {isa = PBXBuildFile; fileRef = A7AA69BA1D420AAA004A5542 /* README */; };
		F6EB9B209D4EC24A864DA6C5 /* libPods-PhotosUITests.a in Frameworks */ = {isa = PBXBuildFile; fileRef = D6C09C1AF8A43038DC9EC7E5 /* libPods-PhotosUITests.a */; };
/* End PBXBuildFile section */

/* Begin PBXContainerItemProxy section */
		A7AA68821D40D3B8004A5542 /* PBXContainerItemProxy */ = {
			isa = PBXContainerItemProxy;
			containerPortal = A7AA68601D40D3B7004A5542 /* Project object */;
			proxyType = 1;
			remoteGlobalIDString = A7AA68671D40D3B7004A5542;
			remoteInfo = Photos;
		};
		A7AA688D1D40D3B8004A5542 /* PBXContainerItemProxy */ = {
			isa = PBXContainerItemProxy;
			containerPortal = A7AA68601D40D3B7004A5542 /* Project object */;
			proxyType = 1;
			remoteGlobalIDString = A7AA68671D40D3B7004A5542;
			remoteInfo = Photos;
		};
/* End PBXContainerItemProxy section */

/* Begin PBXFileReference section */
		2AF5EBE585D8D8D7200D0DE1 /* Pods-PhotosUITests.debug.xcconfig */ = {isa = PBXFileReference; includeInIndex = 1; lastKnownFileType = text.xcconfig; name = "Pods-PhotosUITests.debug.xcconfig"; path = "Pods/Target Support Files/Pods-PhotosUITests/Pods-PhotosUITests.debug.xcconfig"; sourceTree = "<group>"; };
		35691B6F63EFB32C6EA741B2 /* Pods-Photos.release.xcconfig */ = {isa = PBXFileReference; includeInIndex = 1; lastKnownFileType = text.xcconfig; name = "Pods-Photos.release.xcconfig"; path = "Pods/Target Support Files/Pods-Photos/Pods-Photos.release.xcconfig"; sourceTree = "<group>"; };
		56CB0EDC0A171793521E321A /* Pods-PhotosTests.release.xcconfig */ = {isa = PBXFileReference; includeInIndex = 1; lastKnownFileType = text.xcconfig; name = "Pods-PhotosTests.release.xcconfig"; path = "Pods/Target Support Files/Pods-PhotosTests/Pods-PhotosTests.release.xcconfig"; sourceTree = "<group>"; };
		63319A6B8057BCED2EE6F4B4 /* libPods-Photos.a */ = {isa = PBXFileReference; explicitFileType = archive.ar; includeInIndex = 0; path = "libPods-Photos.a"; sourceTree = BUILT_PRODUCTS_DIR; };
		6A441D98D0CA5DC0644B0F99 /* Pods-Photos.debug.xcconfig */ = {isa = PBXFileReference; includeInIndex = 1; lastKnownFileType = text.xcconfig; name = "Pods-Photos.debug.xcconfig"; path = "Pods/Target Support Files/Pods-Photos/Pods-Photos.debug.xcconfig"; sourceTree = "<group>"; };
		704030D27233777CD58C99FC /* Pods-PhotosTests.debug.xcconfig */ = {isa = PBXFileReference; includeInIndex = 1; lastKnownFileType = text.xcconfig; name = "Pods-PhotosTests.debug.xcconfig"; path = "Pods/Target Support Files/Pods-PhotosTests/Pods-PhotosTests.debug.xcconfig"; sourceTree = "<group>"; };
		8EFA359EBC18685EBAC98898 /* Pods-PhotosUITests.release.xcconfig */ = {isa = PBXFileReference; includeInIndex = 1; lastKnownFileType = text.xcconfig; name = "Pods-PhotosUITests.release.xcconfig"; path = "Pods/Target Support Files/Pods-PhotosUITests/Pods-PhotosUITests.release.xcconfig"; sourceTree = "<group>"; };
		A7AA68681D40D3B7004A5542 /* Photos.app */ = {isa = PBXFileReference; explicitFileType = wrapper.application; includeInIndex = 0; path = Photos.app; sourceTree = BUILT_PRODUCTS_DIR; };
		A7AA686C1D40D3B7004A5542 /* main.m */ = {isa = PBXFileReference; lastKnownFileType = sourcecode.c.objc; path = main.m; sourceTree = "<group>"; };
		A7AA686E1D40D3B7004A5542 /* AppDelegate.h */ = {isa = PBXFileReference; lastKnownFileType = sourcecode.c.h; path = AppDelegate.h; sourceTree = "<group>"; };
		A7AA686F1D40D3B7004A5542 /* AppDelegate.m */ = {isa = PBXFileReference; lastKnownFileType = sourcecode.c.objc; path = AppDelegate.m; sourceTree = "<group>"; };
		A7AA68711D40D3B7004A5542 /* ViewController.h */ = {isa = PBXFileReference; lastKnownFileType = sourcecode.c.h; path = ViewController.h; sourceTree = "<group>"; };
		A7AA68721D40D3B7004A5542 /* ViewController.m */ = {isa = PBXFileReference; lastKnownFileType = sourcecode.c.objc; path = ViewController.m; sourceTree = "<group>"; };
		A7AA68771D40D3B7004A5542 /* Assets.xcassets */ = {isa = PBXFileReference; lastKnownFileType = folder.assetcatalog; path = Assets.xcassets; sourceTree = "<group>"; };
		A7AA687A1D40D3B7004A5542 /* Base */ = {isa = PBXFileReference; lastKnownFileType = file.storyboard; name = Base; path = Base.lproj/LaunchScreen.storyboard; sourceTree = "<group>"; };
		A7AA687C1D40D3B7004A5542 /* Info.plist */ = {isa = PBXFileReference; lastKnownFileType = text.plist.xml; path = Info.plist; sourceTree = "<group>"; };
		A7AA68811D40D3B8004A5542 /* PhotosTests.xctest */ = {isa = PBXFileReference; explicitFileType = wrapper.cfbundle; includeInIndex = 0; path = PhotosTests.xctest; sourceTree = BUILT_PRODUCTS_DIR; };
		A7AA68871D40D3B8004A5542 /* Info.plist */ = {isa = PBXFileReference; lastKnownFileType = text.plist.xml; path = Info.plist; sourceTree = "<group>"; };
		A7AA688C1D40D3B8004A5542 /* PhotosUITests.xctest */ = {isa = PBXFileReference; explicitFileType = wrapper.cfbundle; includeInIndex = 0; path = PhotosUITests.xctest; sourceTree = BUILT_PRODUCTS_DIR; };
		A7AA68901D40D3B8004A5542 /* PhotosUITests.m */ = {isa = PBXFileReference; lastKnownFileType = sourcecode.c.objc; path = PhotosUITests.m; sourceTree = "<group>"; };
		A7AA68921D40D3B8004A5542 /* Info.plist */ = {isa = PBXFileReference; lastKnownFileType = text.plist.xml; path = Info.plist; sourceTree = "<group>"; };
		A7AA68AB1D40D6C9004A5542 /* PSApiClient.h */ = {isa = PBXFileReference; fileEncoding = 4; lastKnownFileType = sourcecode.c.h; path = PSApiClient.h; sourceTree = "<group>"; };
		A7AA68AC1D40D6C9004A5542 /* PSApiClient.m */ = {isa = PBXFileReference; fileEncoding = 4; lastKnownFileType = sourcecode.c.objc; path = PSApiClient.m; sourceTree = "<group>"; };
		A7AA68B11D40D6FF004A5542 /* ActionBlock.h */ = {isa = PBXFileReference; lastKnownFileType = sourcecode.c.h; path = ActionBlock.h; sourceTree = "<group>"; };
		A7AA68B21D40D6FF004A5542 /* ActionBlockTransformer.h */ = {isa = PBXFileReference; lastKnownFileType = sourcecode.c.h; path = ActionBlockTransformer.h; sourceTree = "<group>"; };
		A7AA68B41D40D759004A5542 /* PSAppConfig.h */ = {isa = PBXFileReference; fileEncoding = 4; lastKnownFileType = sourcecode.c.h; path = PSAppConfig.h; sourceTree = "<group>"; };
		A7AA68B51D40D759004A5542 /* PSAppConfig.m */ = {isa = PBXFileReference; fileEncoding = 4; lastKnownFileType = sourcecode.c.objc; path = PSAppConfig.m; sourceTree = "<group>"; };
		A7AA68B91D40D83C004A5542 /* PSRequestSerializer.h */ = {isa = PBXFileReference; fileEncoding = 4; lastKnownFileType = sourcecode.c.h; path = PSRequestSerializer.h; sourceTree = "<group>"; };
		A7AA68BA1D40D83C004A5542 /* PSRequestSerializer.m */ = {isa = PBXFileReference; fileEncoding = 4; lastKnownFileType = sourcecode.c.objc; path = PSRequestSerializer.m; sourceTree = "<group>"; };
		A7AA68BB1D40D83C004A5542 /* PSResponseSerializer.h */ = {isa = PBXFileReference; fileEncoding = 4; lastKnownFileType = sourcecode.c.h; path = PSResponseSerializer.h; sourceTree = "<group>"; };
		A7AA68BC1D40D83C004A5542 /* PSResponseSerializer.m */ = {isa = PBXFileReference; fileEncoding = 4; lastKnownFileType = sourcecode.c.objc; path = PSResponseSerializer.m; sourceTree = "<group>"; };
		A7AA68C41D40E61F004A5542 /* JSONParseUtils.h */ = {isa = PBXFileReference; fileEncoding = 4; lastKnownFileType = sourcecode.c.h; path = JSONParseUtils.h; sourceTree = "<group>"; };
		A7AA68C51D40E61F004A5542 /* JSONParseUtils.m */ = {isa = PBXFileReference; fileEncoding = 4; lastKnownFileType = sourcecode.c.objc; path = JSONParseUtils.m; sourceTree = "<group>"; };
		A7AA68CA1D40E63C004A5542 /* PSServerSentError.h */ = {isa = PBXFileReference; fileEncoding = 4; lastKnownFileType = sourcecode.c.h; path = PSServerSentError.h; sourceTree = "<group>"; };
		A7AA68CB1D40E63C004A5542 /* PSServerSentError.m */ = {isa = PBXFileReference; fileEncoding = 4; lastKnownFileType = sourcecode.c.objc; path = PSServerSentError.m; sourceTree = "<group>"; };
		A7AA68CC1D40E63C004A5542 /* NSError+API.h */ = {isa = PBXFileReference; fileEncoding = 4; lastKnownFileType = sourcecode.c.h; path = "NSError+API.h"; sourceTree = "<group>"; };
		A7AA68CD1D40E63C004A5542 /* NSError+API.m */ = {isa = PBXFileReference; fileEncoding = 4; lastKnownFileType = sourcecode.c.objc; path = "NSError+API.m"; sourceTree = "<group>"; };
		A7AA68D51D40E78C004A5542 /* NSObject+Runtime.h */ = {isa = PBXFileReference; fileEncoding = 4; lastKnownFileType = sourcecode.c.h; path = "NSObject+Runtime.h"; sourceTree = "<group>"; };
		A7AA68D61D40E78C004A5542 /* NSObject+Runtime.m */ = {isa = PBXFileReference; fileEncoding = 4; lastKnownFileType = sourcecode.c.objc; path = "NSObject+Runtime.m"; sourceTree = "<group>"; };
		A7AA68D71D40E78C004A5542 /* NSObject+JSON.h */ = {isa = PBXFileReference; fileEncoding = 4; lastKnownFileType = sourcecode.c.h; path = "NSObject+JSON.h"; sourceTree = "<group>"; };
		A7AA68D81D40E78C004A5542 /* NSObject+JSON.m */ = {isa = PBXFileReference; fileEncoding = 4; lastKnownFileType = sourcecode.c.objc; path = "NSObject+JSON.m"; sourceTree = "<group>"; };
		A7AA68D91D40E78C004A5542 /* NSDictionary+StripNil.h */ = {isa = PBXFileReference; fileEncoding = 4; lastKnownFileType = sourcecode.c.h; path = "NSDictionary+StripNil.h"; sourceTree = "<group>"; };
		A7AA68DA1D40E78C004A5542 /* NSDictionary+StripNil.m */ = {isa = PBXFileReference; fileEncoding = 4; lastKnownFileType = sourcecode.c.objc; path = "NSDictionary+StripNil.m"; sourceTree = "<group>"; };
		A7AA68DB1D40E78C004A5542 /* NSArray+StripNil.h */ = {isa = PBXFileReference; fileEncoding = 4; lastKnownFileType = sourcecode.c.h; path = "NSArray+StripNil.h"; sourceTree = "<group>"; };
		A7AA68DC1D40E78C004A5542 /* NSArray+StripNil.m */ = {isa = PBXFileReference; fileEncoding = 4; lastKnownFileType = sourcecode.c.objc; path = "NSArray+StripNil.m"; sourceTree = "<group>"; };
		A7AA68E91D40E894004A5542 /* PSApiClient_Tests.m */ = {isa = PBXFileReference; fileEncoding = 4; lastKnownFileType = sourcecode.c.objc; path = PSApiClient_Tests.m; sourceTree = "<group>"; };
		A7AA68EB1D40E8C8004A5542 /* PSTestCase.h */ = {isa = PBXFileReference; fileEncoding = 4; lastKnownFileType = sourcecode.c.h; path = PSTestCase.h; sourceTree = "<group>"; };
		A7AA68EC1D40E8C8004A5542 /* PSTestCase.m */ = {isa = PBXFileReference; fileEncoding = 4; lastKnownFileType = sourcecode.c.objc; path = PSTestCase.m; sourceTree = "<group>"; };
		A7AA68EE1D40E985004A5542 /* PSRequestSerializer_Tests.m */ = {isa = PBXFileReference; fileEncoding = 4; lastKnownFileType = sourcecode.c.objc; path = PSRequestSerializer_Tests.m; sourceTree = "<group>"; };
		A7AA68F01D40E99C004A5542 /* PSResponseSerializer_Tests.m */ = {isa = PBXFileReference; fileEncoding = 4; lastKnownFileType = sourcecode.c.objc; path = PSResponseSerializer_Tests.m; sourceTree = "<group>"; };
		A7AA68F21D40EB61004A5542 /* PSObject.h */ = {isa = PBXFileReference; fileEncoding = 4; lastKnownFileType = sourcecode.c.h; path = PSObject.h; sourceTree = "<group>"; };
		A7AA68F31D40EB61004A5542 /* PSObject.m */ = {isa = PBXFileReference; fileEncoding = 4; lastKnownFileType = sourcecode.c.objc; path = PSObject.m; sourceTree = "<group>"; };
		A7AA68FA1D40EF87004A5542 /* PSPlayground.h */ = {isa = PBXFileReference; fileEncoding = 4; lastKnownFileType = sourcecode.c.h; path = PSPlayground.h; sourceTree = "<group>"; };
		A7AA68FB1D40EF87004A5542 /* PSPlayground.m */ = {isa = PBXFileReference; fileEncoding = 4; lastKnownFileType = sourcecode.c.objc; path = PSPlayground.m; sourceTree = "<group>"; };
		A7AA68FD1D4122A4004A5542 /* PSApiManager.h */ = {isa = PBXFileReference; fileEncoding = 4; lastKnownFileType = sourcecode.c.h; path = PSApiManager.h; sourceTree = "<group>"; };
		A7AA68FE1D4122A4004A5542 /* PSApiManager.m */ = {isa = PBXFileReference; fileEncoding = 4; lastKnownFileType = sourcecode.c.objc; path = PSApiManager.m; sourceTree = "<group>"; };
		A7AA69021D412329004A5542 /* PSPhotosApiManager.h */ = {isa = PBXFileReference; fileEncoding = 4; lastKnownFileType = sourcecode.c.h; path = PSPhotosApiManager.h; sourceTree = "<group>"; };
		A7AA69031D412329004A5542 /* PSPhotosApiManager.m */ = {isa = PBXFileReference; fileEncoding = 4; lastKnownFileType = sourcecode.c.objc; path = PSPhotosApiManager.m; sourceTree = "<group>"; };
		A7AA69071D412B59004A5542 /* PSDataManager.h */ = {isa = PBXFileReference; fileEncoding = 4; lastKnownFileType = sourcecode.c.h; path = PSDataManager.h; sourceTree = "<group>"; };
		A7AA69081D412B59004A5542 /* PSDataManager.m */ = {isa = PBXFileReference; fileEncoding = 4; lastKnownFileType = sourcecode.c.objc; path = PSDataManager.m; sourceTree = "<group>"; };
		A7AA69091D412B5A004A5542 /* PSApiResponseHandler.h */ = {isa = PBXFileReference; fileEncoding = 4; lastKnownFileType = sourcecode.c.h; path = PSApiResponseHandler.h; sourceTree = "<group>"; };
		A7AA690A1D412B5A004A5542 /* PSApiResponseHandler.m */ = {isa = PBXFileReference; fileEncoding = 4; lastKnownFileType = sourcecode.c.objc; path = PSApiResponseHandler.m; sourceTree = "<group>"; };
		A7AA69121D412C2F004A5542 /* UIViewController+Top.h */ = {isa = PBXFileReference; fileEncoding = 4; lastKnownFileType = sourcecode.c.h; path = "UIViewController+Top.h"; sourceTree = "<group>"; };
		A7AA69131D412C2F004A5542 /* UIViewController+Top.m */ = {isa = PBXFileReference; fileEncoding = 4; lastKnownFileType = sourcecode.c.objc; path = "UIViewController+Top.m"; sourceTree = "<group>"; };
		A7AA69171D412D9C004A5542 /* PSPhotosManager.h */ = {isa = PBXFileReference; fileEncoding = 4; lastKnownFileType = sourcecode.c.h; path = PSPhotosManager.h; sourceTree = "<group>"; };
		A7AA69181D412D9C004A5542 /* PSPhotosManager.m */ = {isa = PBXFileReference; fileEncoding = 4; lastKnownFileType = sourcecode.c.objc; path = PSPhotosManager.m; sourceTree = "<group>"; };
		A7AA691C1D413063004A5542 /* PSPageCursor.h */ = {isa = PBXFileReference; fileEncoding = 4; lastKnownFileType = sourcecode.c.h; path = PSPageCursor.h; sourceTree = "<group>"; };
		A7AA691D1D413063004A5542 /* PSPageCursor.m */ = {isa = PBXFileReference; fileEncoding = 4; lastKnownFileType = sourcecode.c.objc; path = PSPageCursor.m; sourceTree = "<group>"; };
		A7AA69221D41336B004A5542 /* PSPhotosResponseHandler.h */ = {isa = PBXFileReference; fileEncoding = 4; lastKnownFileType = sourcecode.c.h; path = PSPhotosResponseHandler.h; sourceTree = "<group>"; };
		A7AA69231D41336B004A5542 /* PSPhotosResponseHandler.m */ = {isa = PBXFileReference; fileEncoding = 4; lastKnownFileType = sourcecode.c.objc; path = PSPhotosResponseHandler.m; sourceTree = "<group>"; };
		A7AA69271D413452004A5542 /* PSPhotosResponse.h */ = {isa = PBXFileReference; fileEncoding = 4; lastKnownFileType = sourcecode.c.h; path = PSPhotosResponse.h; sourceTree = "<group>"; };
		A7AA69281D413452004A5542 /* PSPhotosResponse.m */ = {isa = PBXFileReference; fileEncoding = 4; lastKnownFileType = sourcecode.c.objc; path = PSPhotosResponse.m; sourceTree = "<group>"; };
		A7AA692C1D413466004A5542 /* PSPhoto.h */ = {isa = PBXFileReference; fileEncoding = 4; lastKnownFileType = sourcecode.c.h; path = PSPhoto.h; sourceTree = "<group>"; };
		A7AA692D1D413466004A5542 /* PSPhoto.m */ = {isa = PBXFileReference; fileEncoding = 4; lastKnownFileType = sourcecode.c.objc; path = PSPhoto.m; sourceTree = "<group>"; };
		A7AA69311D413C85004A5542 /* UIViewController+Embed.h */ = {isa = PBXFileReference; fileEncoding = 4; lastKnownFileType = sourcecode.c.h; path = "UIViewController+Embed.h"; sourceTree = "<group>"; };
		A7AA69321D413C85004A5542 /* UIViewController+Embed.m */ = {isa = PBXFileReference; fileEncoding = 4; lastKnownFileType = sourcecode.c.objc; path = "UIViewController+Embed.m"; sourceTree = "<group>"; };
		A7AA69361D413E03004A5542 /* PSAppCoordinator.h */ = {isa = PBXFileReference; fileEncoding = 4; lastKnownFileType = sourcecode.c.h; path = PSAppCoordinator.h; sourceTree = "<group>"; };
		A7AA69371D413E03004A5542 /* PSAppCoordinator.m */ = {isa = PBXFileReference; fileEncoding = 4; lastKnownFileType = sourcecode.c.objc; path = PSAppCoordinator.m; sourceTree = "<group>"; };
		A7AA693C1D413FEB004A5542 /* PSPhotoGridViewController.h */ = {isa = PBXFileReference; fileEncoding = 4; lastKnownFileType = sourcecode.c.h; path = PSPhotoGridViewController.h; sourceTree = "<group>"; };
		A7AA693D1D413FEB004A5542 /* PSPhotoGridViewController.m */ = {isa = PBXFileReference; fileEncoding = 4; lastKnownFileType = sourcecode.c.objc; path = PSPhotoGridViewController.m; sourceTree = "<group>"; };
		A7AA693E1D413FEB004A5542 /* PSPhotoGridViewController.xib */ = {isa = PBXFileReference; fileEncoding = 4; lastKnownFileType = file.xib; path = PSPhotoGridViewController.xib; sourceTree = "<group>"; };
		A7AA69461D414009004A5542 /* PSThumbnailCell.h */ = {isa = PBXFileReference; fileEncoding = 4; lastKnownFileType = sourcecode.c.h; path = PSThumbnailCell.h; sourceTree = "<group>"; };
		A7AA69471D414009004A5542 /* PSThumbnailCell.m */ = {isa = PBXFileReference; fileEncoding = 4; lastKnownFileType = sourcecode.c.objc; path = PSThumbnailCell.m; sourceTree = "<group>"; };
		A7AA69481D414009004A5542 /* PSThumbnailCell.xib */ = {isa = PBXFileReference; fileEncoding = 4; lastKnownFileType = file.xib; path = PSThumbnailCell.xib; sourceTree = "<group>"; };
		A7AA69501D4140E9004A5542 /* PSPhotoGridDataSource.h */ = {isa = PBXFileReference; fileEncoding = 4; lastKnownFileType = sourcecode.c.h; path = PSPhotoGridDataSource.h; sourceTree = "<group>"; };
		A7AA69511D4140E9004A5542 /* PSPhotoGridDataSource.m */ = {isa = PBXFileReference; fileEncoding = 4; lastKnownFileType = sourcecode.c.objc; path = PSPhotoGridDataSource.m; sourceTree = "<group>"; };
		A7AA695F1D415F89004A5542 /* PSThumbnailMaker.h */ = {isa = PBXFileReference; fileEncoding = 4; lastKnownFileType = sourcecode.c.h; path = PSThumbnailMaker.h; sourceTree = "<group>"; };
		A7AA69601D415F89004A5542 /* PSThumbnailMaker.m */ = {isa = PBXFileReference; fileEncoding = 4; lastKnownFileType = sourcecode.c.objc; path = PSThumbnailMaker.m; sourceTree = "<group>"; };
		A7AA69691D4182C5004A5542 /* PSThumbnailResponseHandler.h */ = {isa = PBXFileReference; fileEncoding = 4; lastKnownFileType = sourcecode.c.h; path = PSThumbnailResponseHandler.h; sourceTree = "<group>"; };
		A7AA696A1D4182C5004A5542 /* PSThumbnailResponseHandler.m */ = {isa = PBXFileReference; fileEncoding = 4; lastKnownFileType = sourcecode.c.objc; path = PSThumbnailResponseHandler.m; sourceTree = "<group>"; };
		A7AA69741D41A28F004A5542 /* CancelationToken.h */ = {isa = PBXFileReference; fileEncoding = 4; lastKnownFileType = sourcecode.c.h; path = CancelationToken.h; sourceTree = "<group>"; };
		A7AA69751D41A28F004A5542 /* CancelationToken.m */ = {isa = PBXFileReference; fileEncoding = 4; lastKnownFileType = sourcecode.c.objc; path = CancelationToken.m; sourceTree = "<group>"; };
		A7AA699D1D41CE54004A5542 /* PSPhotoSearchViewController.h */ = {isa = PBXFileReference; fileEncoding = 4; lastKnownFileType = sourcecode.c.h; path = PSPhotoSearchViewController.h; sourceTree = "<group>"; };
		A7AA699E1D41CE54004A5542 /* PSPhotoSearchViewController.m */ = {isa = PBXFileReference; fileEncoding = 4; lastKnownFileType = sourcecode.c.objc; path = PSPhotoSearchViewController.m; sourceTree = "<group>"; };
		A7AA69A61D41D039004A5542 /* PSPhotoSearchViewController.xib */ = {isa = PBXFileReference; fileEncoding = 4; lastKnownFileType = file.xib; path = PSPhotoSearchViewController.xib; sourceTree = "<group>"; };
		A7AA69AA1D41E5E9004A5542 /* PSPhotoThumbnailURLMaker.h */ = {isa = PBXFileReference; fileEncoding = 4; lastKnownFileType = sourcecode.c.h; path = PSPhotoThumbnailURLMaker.h; sourceTree = "<group>"; };
		A7AA69AB1D41E5E9004A5542 /* PSPhotoThumbnailURLMaker.m */ = {isa = PBXFileReference; fileEncoding = 4; lastKnownFileType = sourcecode.c.objc; path = PSPhotoThumbnailURLMaker.m; sourceTree = "<group>"; };
		A7AA69B11D41F4E6004A5542 /* PSPhotoResponseHandler_Test.m */ = {isa = PBXFileReference; fileEncoding = 4; lastKnownFileType = sourcecode.c.objc; path = PSPhotoResponseHandler_Test.m; sourceTree = "<group>"; };
		A7AA69B31D41F7FE004A5542 /* Photos.JSON */ = {isa = PBXFileReference; fileEncoding = 4; lastKnownFileType = text.json; path = Photos.JSON; sourceTree = "<group>"; };
		A7AA69B51D42032C004A5542 /* Photos.JS */ = {isa = PBXFileReference; fileEncoding = 4; lastKnownFileType = sourcecode.javascript; path = Photos.JS; sourceTree = "<group>"; };
		A7AA69B71D42089E004A5542 /* Error.JS */ = {isa = PBXFileReference; fileEncoding = 4; lastKnownFileType = sourcecode.javascript; path = Error.JS; sourceTree = "<group>"; };
		A7AA69BA1D420AAA004A5542 /* README */ = {isa = PBXFileReference; fileEncoding = 4; lastKnownFileType = text; path = README; sourceTree = "<group>"; };
		D3EDBAC77BD19A415190613F /* libPods-PhotosTests.a */ = {isa = PBXFileReference; explicitFileType = archive.ar; includeInIndex = 0; path = "libPods-PhotosTests.a"; sourceTree = BUILT_PRODUCTS_DIR; };
		D6C09C1AF8A43038DC9EC7E5 /* libPods-PhotosUITests.a */ = {isa = PBXFileReference; explicitFileType = archive.ar; includeInIndex = 0; path = "libPods-PhotosUITests.a"; sourceTree = BUILT_PRODUCTS_DIR; };
/* End PBXFileReference section */

/* Begin PBXFrameworksBuildPhase section */
		A7AA68651D40D3B7004A5542 /* Frameworks */ = {
			isa = PBXFrameworksBuildPhase;
			buildActionMask = 2147483647;
			files = (
				8DB188E5385419C9896A3C8D /* libPods-Photos.a in Frameworks */,
			);
			runOnlyForDeploymentPostprocessing = 0;
		};
		A7AA687E1D40D3B8004A5542 /* Frameworks */ = {
			isa = PBXFrameworksBuildPhase;
			buildActionMask = 2147483647;
			files = (
				1B6553FF7EC8396A84474B40 /* libPods-PhotosTests.a in Frameworks */,
			);
			runOnlyForDeploymentPostprocessing = 0;
		};
		A7AA68891D40D3B8004A5542 /* Frameworks */ = {
			isa = PBXFrameworksBuildPhase;
			buildActionMask = 2147483647;
			files = (
				F6EB9B209D4EC24A864DA6C5 /* libPods-PhotosUITests.a in Frameworks */,
			);
			runOnlyForDeploymentPostprocessing = 0;
		};
/* End PBXFrameworksBuildPhase section */

/* Begin PBXGroup section */
		65DBC06B51760889589997FE /* Pods */ = {
			isa = PBXGroup;
			children = (
				6A441D98D0CA5DC0644B0F99 /* Pods-Photos.debug.xcconfig */,
				35691B6F63EFB32C6EA741B2 /* Pods-Photos.release.xcconfig */,
				704030D27233777CD58C99FC /* Pods-PhotosTests.debug.xcconfig */,
				56CB0EDC0A171793521E321A /* Pods-PhotosTests.release.xcconfig */,
				2AF5EBE585D8D8D7200D0DE1 /* Pods-PhotosUITests.debug.xcconfig */,
				8EFA359EBC18685EBAC98898 /* Pods-PhotosUITests.release.xcconfig */,
			);
			name = Pods;
			sourceTree = "<group>";
		};
		A200E7D62B761821ED4633C3 /* Frameworks */ = {
			isa = PBXGroup;
			children = (
				63319A6B8057BCED2EE6F4B4 /* libPods-Photos.a */,
				D3EDBAC77BD19A415190613F /* libPods-PhotosTests.a */,
				D6C09C1AF8A43038DC9EC7E5 /* libPods-PhotosUITests.a */,
			);
			name = Frameworks;
			sourceTree = "<group>";
		};
		A7AA685F1D40D3B7004A5542 = {
			isa = PBXGroup;
			children = (
				A7AA69BA1D420AAA004A5542 /* README */,
				A7AA686A1D40D3B7004A5542 /* Photos */,
				A7AA68841D40D3B8004A5542 /* PhotosTests */,
				A7AA688F1D40D3B8004A5542 /* PhotosUITests */,
				A7AA68691D40D3B7004A5542 /* Products */,
				65DBC06B51760889589997FE /* Pods */,
				A200E7D62B761821ED4633C3 /* Frameworks */,
			);
			sourceTree = "<group>";
		};
		A7AA68691D40D3B7004A5542 /* Products */ = {
			isa = PBXGroup;
			children = (
				A7AA68681D40D3B7004A5542 /* Photos.app */,
				A7AA68811D40D3B8004A5542 /* PhotosTests.xctest */,
				A7AA688C1D40D3B8004A5542 /* PhotosUITests.xctest */,
			);
			name = Products;
			sourceTree = "<group>";
		};
		A7AA686A1D40D3B7004A5542 /* Photos */ = {
			isa = PBXGroup;
			children = (
				A7AA689F1D40D5F9004A5542 /* Scenes */,
				A7AA68A01D40D600004A5542 /* Model */,
				A7AA68A11D40D608004A5542 /* View */,
				A7AA68A21D40D60F004A5542 /* Controller */,
				A7AA686E1D40D3B7004A5542 /* AppDelegate.h */,
				A7AA686F1D40D3B7004A5542 /* AppDelegate.m */,
				A7AA68FA1D40EF87004A5542 /* PSPlayground.h */,
				A7AA68FB1D40EF87004A5542 /* PSPlayground.m */,
				A7AA68711D40D3B7004A5542 /* ViewController.h */,
				A7AA68721D40D3B7004A5542 /* ViewController.m */,
				A7AA68771D40D3B7004A5542 /* Assets.xcassets */,
				A7AA68791D40D3B7004A5542 /* LaunchScreen.storyboard */,
				A7AA687C1D40D3B7004A5542 /* Info.plist */,
				A7AA686B1D40D3B7004A5542 /* Supporting Files */,
			);
			path = Photos;
			sourceTree = "<group>";
		};
		A7AA686B1D40D3B7004A5542 /* Supporting Files */ = {
			isa = PBXGroup;
			children = (
				A7AA686C1D40D3B7004A5542 /* main.m */,
			);
			name = "Supporting Files";
			sourceTree = "<group>";
		};
		A7AA68841D40D3B8004A5542 /* PhotosTests */ = {
			isa = PBXGroup;
			children = (
				A7AA68EB1D40E8C8004A5542 /* PSTestCase.h */,
				A7AA68EC1D40E8C8004A5542 /* PSTestCase.m */,
				A7AA68871D40D3B8004A5542 /* Info.plist */,
				A7AA68E91D40E894004A5542 /* PSApiClient_Tests.m */,
				A7AA68EE1D40E985004A5542 /* PSRequestSerializer_Tests.m */,
				A7AA68F01D40E99C004A5542 /* PSResponseSerializer_Tests.m */,
				A7AA69B11D41F4E6004A5542 /* PSPhotoResponseHandler_Test.m */,
				A7AA69B31D41F7FE004A5542 /* Photos.JSON */,
				A7AA69B51D42032C004A5542 /* Photos.JS */,
				A7AA69B71D42089E004A5542 /* Error.JS */,
			);
			path = PhotosTests;
			sourceTree = "<group>";
		};
		A7AA688F1D40D3B8004A5542 /* PhotosUITests */ = {
			isa = PBXGroup;
			children = (
				A7AA68901D40D3B8004A5542 /* PhotosUITests.m */,
				A7AA68921D40D3B8004A5542 /* Info.plist */,
			);
			path = PhotosUITests;
			sourceTree = "<group>";
		};
		A7AA689F1D40D5F9004A5542 /* Scenes */ = {
			isa = PBXGroup;
			children = (
				A7AA68A31D40D61A004A5542 /* Photo Search */,
				A7AA693B1D413FD9004A5542 /* Photo Grid */,
			);
			name = Scenes;
			sourceTree = "<group>";
		};
		A7AA68A01D40D600004A5542 /* Model */ = {
			isa = PBXGroup;
			children = (
				A7AA68D41D40E76E004A5542 /* Extensions */,
				A7AA68B31D40D73E004A5542 /* AppConfig */,
				A7AA68B01D40D6E5004A5542 /* Operation Blocks */,
				A7AA68A61D40D636004A5542 /* Entities */,
				A7AA68A51D40D631004A5542 /* Data */,
				A7AA68A41D40D62B004A5542 /* Api */,
				A7AA69681D417F69004A5542 /* Thumbnails */,
			);
			name = Model;
			sourceTree = "<group>";
		};
		A7AA68A11D40D608004A5542 /* View */ = {
			isa = PBXGroup;
			children = (
			);
			name = View;
			sourceTree = "<group>";
		};
		A7AA68A21D40D60F004A5542 /* Controller */ = {
			isa = PBXGroup;
			children = (
				A7AA69111D412C21004A5542 /* Extensions */,
				A7AA69361D413E03004A5542 /* PSAppCoordinator.h */,
				A7AA69371D413E03004A5542 /* PSAppCoordinator.m */,
			);
			name = Controller;
			sourceTree = "<group>";
		};
		A7AA68A31D40D61A004A5542 /* Photo Search */ = {
			isa = PBXGroup;
			children = (
				A7AA699D1D41CE54004A5542 /* PSPhotoSearchViewController.h */,
				A7AA699E1D41CE54004A5542 /* PSPhotoSearchViewController.m */,
				A7AA69A61D41D039004A5542 /* PSPhotoSearchViewController.xib */,
			);
			name = "Photo Search";
			sourceTree = "<group>";
		};
		A7AA68A41D40D62B004A5542 /* Api */ = {
			isa = PBXGroup;
			children = (
				A7AA68C91D40E62A004A5542 /* Errors */,
				A7AA68C31D40E613004A5542 /* JSON */,
				A7AA68A91D40D6A3004A5542 /* HTTP Client */,
				A7AA68FD1D4122A4004A5542 /* PSApiManager.h */,
				A7AA68FE1D4122A4004A5542 /* PSApiManager.m */,
				A7AA68A71D40D65F004A5542 /* PhotosApiManager */,
			);
			name = Api;
			sourceTree = "<group>";
		};
		A7AA68A51D40D631004A5542 /* Data */ = {
			isa = PBXGroup;
			children = (
				A7AA69071D412B59004A5542 /* PSDataManager.h */,
				A7AA69081D412B59004A5542 /* PSDataManager.m */,
				A7AA69091D412B5A004A5542 /* PSApiResponseHandler.h */,
				A7AA690A1D412B5A004A5542 /* PSApiResponseHandler.m */,
				A7AA69AF1D41E799004A5542 /* ThumbnailManager */,
				A7AA68A81D40D682004A5542 /* PhotosManager */,
			);
			name = Data;
			sourceTree = "<group>";
		};
		A7AA68A61D40D636004A5542 /* Entities */ = {
			isa = PBXGroup;
			children = (
				A7AA68F21D40EB61004A5542 /* PSObject.h */,
				A7AA68F31D40EB61004A5542 /* PSObject.m */,
				A7AA692C1D413466004A5542 /* PSPhoto.h */,
				A7AA692D1D413466004A5542 /* PSPhoto.m */,
				A7AA69271D413452004A5542 /* PSPhotosResponse.h */,
				A7AA69281D413452004A5542 /* PSPhotosResponse.m */,
			);
			name = Entities;
			sourceTree = "<group>";
		};
		A7AA68A71D40D65F004A5542 /* PhotosApiManager */ = {
			isa = PBXGroup;
			children = (
				A7AA69021D412329004A5542 /* PSPhotosApiManager.h */,
				A7AA69031D412329004A5542 /* PSPhotosApiManager.m */,
			);
			name = PhotosApiManager;
			sourceTree = "<group>";
		};
		A7AA68A81D40D682004A5542 /* PhotosManager */ = {
			isa = PBXGroup;
			children = (
				A7AA69211D413358004A5542 /* Response Handlers */,
				A7AA69171D412D9C004A5542 /* PSPhotosManager.h */,
				A7AA69181D412D9C004A5542 /* PSPhotosManager.m */,
				A7AA691C1D413063004A5542 /* PSPageCursor.h */,
				A7AA691D1D413063004A5542 /* PSPageCursor.m */,
			);
			name = PhotosManager;
			sourceTree = "<group>";
		};
		A7AA68A91D40D6A3004A5542 /* HTTP Client */ = {
			isa = PBXGroup;
			children = (
				A7AA68AA1D40D6B1004A5542 /* Serialization */,
				A7AA68AB1D40D6C9004A5542 /* PSApiClient.h */,
				A7AA68AC1D40D6C9004A5542 /* PSApiClient.m */,
			);
			name = "HTTP Client";
			sourceTree = "<group>";
		};
		A7AA68AA1D40D6B1004A5542 /* Serialization */ = {
			isa = PBXGroup;
			children = (
				A7AA68B91D40D83C004A5542 /* PSRequestSerializer.h */,
				A7AA68BA1D40D83C004A5542 /* PSRequestSerializer.m */,
				A7AA68BB1D40D83C004A5542 /* PSResponseSerializer.h */,
				A7AA68BC1D40D83C004A5542 /* PSResponseSerializer.m */,
			);
			name = Serialization;
			sourceTree = "<group>";
		};
		A7AA68B01D40D6E5004A5542 /* Operation Blocks */ = {
			isa = PBXGroup;
			children = (
				A7AA68B11D40D6FF004A5542 /* ActionBlock.h */,
				A7AA68B21D40D6FF004A5542 /* ActionBlockTransformer.h */,
				A7AA69741D41A28F004A5542 /* CancelationToken.h */,
				A7AA69751D41A28F004A5542 /* CancelationToken.m */,
			);
			name = "Operation Blocks";
			sourceTree = "<group>";
		};
		A7AA68B31D40D73E004A5542 /* AppConfig */ = {
			isa = PBXGroup;
			children = (
				A7AA68B41D40D759004A5542 /* PSAppConfig.h */,
				A7AA68B51D40D759004A5542 /* PSAppConfig.m */,
			);
			name = AppConfig;
			sourceTree = "<group>";
		};
		A7AA68C31D40E613004A5542 /* JSON */ = {
			isa = PBXGroup;
			children = (
				A7AA68C41D40E61F004A5542 /* JSONParseUtils.h */,
				A7AA68C51D40E61F004A5542 /* JSONParseUtils.m */,
			);
			name = JSON;
			sourceTree = "<group>";
		};
		A7AA68C91D40E62A004A5542 /* Errors */ = {
			isa = PBXGroup;
			children = (
				A7AA68CA1D40E63C004A5542 /* PSServerSentError.h */,
				A7AA68CB1D40E63C004A5542 /* PSServerSentError.m */,
				A7AA68CC1D40E63C004A5542 /* NSError+API.h */,
				A7AA68CD1D40E63C004A5542 /* NSError+API.m */,
			);
			name = Errors;
			sourceTree = "<group>";
		};
		A7AA68D41D40E76E004A5542 /* Extensions */ = {
			isa = PBXGroup;
			children = (
				A7AA68D51D40E78C004A5542 /* NSObject+Runtime.h */,
				A7AA68D61D40E78C004A5542 /* NSObject+Runtime.m */,
				A7AA68D71D40E78C004A5542 /* NSObject+JSON.h */,
				A7AA68D81D40E78C004A5542 /* NSObject+JSON.m */,
				A7AA68D91D40E78C004A5542 /* NSDictionary+StripNil.h */,
				A7AA68DA1D40E78C004A5542 /* NSDictionary+StripNil.m */,
				A7AA68DB1D40E78C004A5542 /* NSArray+StripNil.h */,
				A7AA68DC1D40E78C004A5542 /* NSArray+StripNil.m */,
			);
			name = Extensions;
			sourceTree = "<group>";
		};
		A7AA69111D412C21004A5542 /* Extensions */ = {
			isa = PBXGroup;
			children = (
				A7AA69311D413C85004A5542 /* UIViewController+Embed.h */,
				A7AA69321D413C85004A5542 /* UIViewController+Embed.m */,
				A7AA69121D412C2F004A5542 /* UIViewController+Top.h */,
				A7AA69131D412C2F004A5542 /* UIViewController+Top.m */,
			);
			name = Extensions;
			sourceTree = "<group>";
		};
		A7AA69211D413358004A5542 /* Response Handlers */ = {
			isa = PBXGroup;
			children = (
				A7AA69221D41336B004A5542 /* PSPhotosResponseHandler.h */,
				A7AA69231D41336B004A5542 /* PSPhotosResponseHandler.m */,
			);
			name = "Response Handlers";
			sourceTree = "<group>";
		};
		A7AA693B1D413FD9004A5542 /* Photo Grid */ = {
			isa = PBXGroup;
			children = (
				A7AA694F1D4140CD004A5542 /* Data Source */,
				A7AA69451D413FFC004A5542 /* Views */,
				A7AA693C1D413FEB004A5542 /* PSPhotoGridViewController.h */,
				A7AA693D1D413FEB004A5542 /* PSPhotoGridViewController.m */,
				A7AA693E1D413FEB004A5542 /* PSPhotoGridViewController.xib */,
			);
			name = "Photo Grid";
			sourceTree = "<group>";
		};
		A7AA69451D413FFC004A5542 /* Views */ = {
			isa = PBXGroup;
			children = (
				A7AA69461D414009004A5542 /* PSThumbnailCell.h */,
				A7AA69471D414009004A5542 /* PSThumbnailCell.m */,
				A7AA69481D414009004A5542 /* PSThumbnailCell.xib */,
			);
			name = Views;
			sourceTree = "<group>";
		};
		A7AA694F1D4140CD004A5542 /* Data Source */ = {
			isa = PBXGroup;
			children = (
				A7AA69501D4140E9004A5542 /* PSPhotoGridDataSource.h */,
				A7AA69511D4140E9004A5542 /* PSPhotoGridDataSource.m */,
			);
			name = "Data Source";
			sourceTree = "<group>";
		};
		A7AA69681D417F69004A5542 /* Thumbnails */ = {
			isa = PBXGroup;
			children = (
				A7AA695F1D415F89004A5542 /* PSThumbnailMaker.h */,
				A7AA69601D415F89004A5542 /* PSThumbnailMaker.m */,
			);
			name = Thumbnails;
			sourceTree = "<group>";
		};
		A7AA69AF1D41E799004A5542 /* ThumbnailManager */ = {
			isa = PBXGroup;
			children = (
				A7AA69B01D41E7B2004A5542 /* Response Handlers */,
				A7AA69AA1D41E5E9004A5542 /* PSPhotoThumbnailURLMaker.h */,
				A7AA69AB1D41E5E9004A5542 /* PSPhotoThumbnailURLMaker.m */,
			);
			name = ThumbnailManager;
			sourceTree = "<group>";
		};
		A7AA69B01D41E7B2004A5542 /* Response Handlers */ = {
			isa = PBXGroup;
			children = (
				A7AA69691D4182C5004A5542 /* PSThumbnailResponseHandler.h */,
				A7AA696A1D4182C5004A5542 /* PSThumbnailResponseHandler.m */,
			);
			name = "Response Handlers";
			sourceTree = "<group>";
		};
/* End PBXGroup section */

/* Begin PBXNativeTarget section */
		A7AA68671D40D3B7004A5542 /* Photos */ = {
			isa = PBXNativeTarget;
			buildConfigurationList = A7AA68951D40D3B8004A5542 /* Build configuration list for PBXNativeTarget "Photos" */;
			buildPhases = (
				44EEBAADC711B1DA8338E902 /* [CP] Check Pods Manifest.lock */,
				A7AA68641D40D3B7004A5542 /* Sources */,
				A7AA68651D40D3B7004A5542 /* Frameworks */,
				A7AA68661D40D3B7004A5542 /* Resources */,
				749CFEACEF4352646E124D0B /* [CP] Embed Pods Frameworks */,
				967C567F5C9149B87B064E18 /* [CP] Copy Pods Resources */,
			);
			buildRules = (
			);
			dependencies = (
			);
			name = Photos;
			productName = Photos;
			productReference = A7AA68681D40D3B7004A5542 /* Photos.app */;
			productType = "com.apple.product-type.application";
		};
		A7AA68801D40D3B8004A5542 /* PhotosTests */ = {
			isa = PBXNativeTarget;
			buildConfigurationList = A7AA68981D40D3B8004A5542 /* Build configuration list for PBXNativeTarget "PhotosTests" */;
			buildPhases = (
				86C32392F185E293CD93C537 /* [CP] Check Pods Manifest.lock */,
				A7AA687D1D40D3B8004A5542 /* Sources */,
				A7AA687E1D40D3B8004A5542 /* Frameworks */,
				A7AA687F1D40D3B8004A5542 /* Resources */,
				BEC16BDC13840F9CA673AD7D /* [CP] Embed Pods Frameworks */,
				B53FD01F6C81848C2137D9CF /* [CP] Copy Pods Resources */,
			);
			buildRules = (
			);
			dependencies = (
				A7AA68831D40D3B8004A5542 /* PBXTargetDependency */,
			);
			name = PhotosTests;
			productName = PhotosTests;
			productReference = A7AA68811D40D3B8004A5542 /* PhotosTests.xctest */;
			productType = "com.apple.product-type.bundle.unit-test";
		};
		A7AA688B1D40D3B8004A5542 /* PhotosUITests */ = {
			isa = PBXNativeTarget;
			buildConfigurationList = A7AA689B1D40D3B8004A5542 /* Build configuration list for PBXNativeTarget "PhotosUITests" */;
			buildPhases = (
				8CED3B4B9BB9F525CCCDDC5E /* [CP] Check Pods Manifest.lock */,
				A7AA68881D40D3B8004A5542 /* Sources */,
				A7AA68891D40D3B8004A5542 /* Frameworks */,
				A7AA688A1D40D3B8004A5542 /* Resources */,
				430F9C3D592CDEA4EF48A1CD /* [CP] Copy Pods Resources */,
			);
			buildRules = (
			);
			dependencies = (
				A7AA688E1D40D3B8004A5542 /* PBXTargetDependency */,
			);
			name = PhotosUITests;
			productName = PhotosUITests;
			productReference = A7AA688C1D40D3B8004A5542 /* PhotosUITests.xctest */;
			productType = "com.apple.product-type.bundle.ui-testing";
		};
/* End PBXNativeTarget section */

/* Begin PBXProject section */
		A7AA68601D40D3B7004A5542 /* Project object */ = {
			isa = PBXProject;
			attributes = {
				CLASSPREFIX = PS;
				LastUpgradeCheck = 0730;
				ORGANIZATIONNAME = "Bozhidar Mihaylov";
				TargetAttributes = {
					A7AA68671D40D3B7004A5542 = {
						CreatedOnToolsVersion = 7.3.1;
					};
					A7AA68801D40D3B8004A5542 = {
						CreatedOnToolsVersion = 7.3.1;
						TestTargetID = A7AA68671D40D3B7004A5542;
					};
					A7AA688B1D40D3B8004A5542 = {
						CreatedOnToolsVersion = 7.3.1;
						TestTargetID = A7AA68671D40D3B7004A5542;
					};
				};
			};
			buildConfigurationList = A7AA68631D40D3B7004A5542 /* Build configuration list for PBXProject "Photos" */;
			compatibilityVersion = "Xcode 3.2";
			developmentRegion = English;
			hasScannedForEncodings = 0;
			knownRegions = (
				en,
				Base,
			);
			mainGroup = A7AA685F1D40D3B7004A5542;
			productRefGroup = A7AA68691D40D3B7004A5542 /* Products */;
			projectDirPath = "";
			projectRoot = "";
			targets = (
				A7AA68671D40D3B7004A5542 /* Photos */,
				A7AA68801D40D3B8004A5542 /* PhotosTests */,
				A7AA688B1D40D3B8004A5542 /* PhotosUITests */,
			);
		};
/* End PBXProject section */

/* Begin PBXResourcesBuildPhase section */
		A7AA68661D40D3B7004A5542 /* Resources */ = {
			isa = PBXResourcesBuildPhase;
			buildActionMask = 2147483647;
			files = (
				A7AA687B1D40D3B7004A5542 /* LaunchScreen.storyboard in Resources */,
				A7AA69421D413FEB004A5542 /* PSPhotoGridViewController.xib in Resources */,
				A7AA68781D40D3B7004A5542 /* Assets.xcassets in Resources */,
				A7AA69A71D41D039004A5542 /* PSPhotoSearchViewController.xib in Resources */,
				A7AA694C1D414009004A5542 /* PSThumbnailCell.xib in Resources */,
			);
			runOnlyForDeploymentPostprocessing = 0;
		};
		A7AA687F1D40D3B8004A5542 /* Resources */ = {
			isa = PBXResourcesBuildPhase;
			buildActionMask = 2147483647;
			files = (
				A7AA69B41D41F7FE004A5542 /* Photos.JSON in Resources */,
				A7AA69B81D42089E004A5542 /* Error.JS in Resources */,
				A7AA69431D413FEB004A5542 /* PSPhotoGridViewController.xib in Resources */,
				A7AA69B61D42032C004A5542 /* Photos.JS in Resources */,
				A7AA69A81D41D039004A5542 /* PSPhotoSearchViewController.xib in Resources */,
				A7AA694D1D414009004A5542 /* PSThumbnailCell.xib in Resources */,
				A7AA69BB1D420AAA004A5542 /* README in Resources */,
			);
			runOnlyForDeploymentPostprocessing = 0;
		};
		A7AA688A1D40D3B8004A5542 /* Resources */ = {
			isa = PBXResourcesBuildPhase;
			buildActionMask = 2147483647;
			files = (
				A7AA69441D413FEB004A5542 /* PSPhotoGridViewController.xib in Resources */,
				A7AA69A91D41D039004A5542 /* PSPhotoSearchViewController.xib in Resources */,
				A7AA694E1D414009004A5542 /* PSThumbnailCell.xib in Resources */,
			);
			runOnlyForDeploymentPostprocessing = 0;
		};
/* End PBXResourcesBuildPhase section */

/* Begin PBXShellScriptBuildPhase section */
		430F9C3D592CDEA4EF48A1CD /* [CP] Copy Pods Resources */ = {
			isa = PBXShellScriptBuildPhase;
			buildActionMask = 2147483647;
			files = (
			);
			inputPaths = (
			);
			name = "[CP] Copy Pods Resources";
			outputPaths = (
			);
			runOnlyForDeploymentPostprocessing = 0;
			shellPath = /bin/sh;
			shellScript = "\"${SRCROOT}/Pods/Target Support Files/Pods-PhotosUITests/Pods-PhotosUITests-resources.sh\"\n";
			showEnvVarsInLog = 0;
		};
		44EEBAADC711B1DA8338E902 /* [CP] Check Pods Manifest.lock */ = {
			isa = PBXShellScriptBuildPhase;
			buildActionMask = 2147483647;
			files = (
			);
			inputPaths = (
			);
			name = "[CP] Check Pods Manifest.lock";
			outputPaths = (
			);
			runOnlyForDeploymentPostprocessing = 0;
			shellPath = /bin/sh;
			shellScript = "diff \"${PODS_ROOT}/../Podfile.lock\" \"${PODS_ROOT}/Manifest.lock\" > /dev/null\nif [[ $? != 0 ]] ; then\n    cat << EOM\nerror: The sandbox is not in sync with the Podfile.lock. Run 'pod install' or update your CocoaPods installation.\nEOM\n    exit 1\nfi\n";
			showEnvVarsInLog = 0;
		};
		749CFEACEF4352646E124D0B /* [CP] Embed Pods Frameworks */ = {
			isa = PBXShellScriptBuildPhase;
			buildActionMask = 2147483647;
			files = (
			);
			inputPaths = (
			);
			name = "[CP] Embed Pods Frameworks";
			outputPaths = (
			);
			runOnlyForDeploymentPostprocessing = 0;
			shellPath = /bin/sh;
			shellScript = "\"${SRCROOT}/Pods/Target Support Files/Pods-Photos/Pods-Photos-frameworks.sh\"\n";
			showEnvVarsInLog = 0;
		};
		86C32392F185E293CD93C537 /* [CP] Check Pods Manifest.lock */ = {
			isa = PBXShellScriptBuildPhase;
			buildActionMask = 2147483647;
			files = (
			);
			inputPaths = (
			);
			name = "[CP] Check Pods Manifest.lock";
			outputPaths = (
			);
			runOnlyForDeploymentPostprocessing = 0;
			shellPath = /bin/sh;
			shellScript = "diff \"${PODS_ROOT}/../Podfile.lock\" \"${PODS_ROOT}/Manifest.lock\" > /dev/null\nif [[ $? != 0 ]] ; then\n    cat << EOM\nerror: The sandbox is not in sync with the Podfile.lock. Run 'pod install' or update your CocoaPods installation.\nEOM\n    exit 1\nfi\n";
			showEnvVarsInLog = 0;
		};
		8CED3B4B9BB9F525CCCDDC5E /* [CP] Check Pods Manifest.lock */ = {
			isa = PBXShellScriptBuildPhase;
			buildActionMask = 2147483647;
			files = (
			);
			inputPaths = (
			);
			name = "[CP] Check Pods Manifest.lock";
			outputPaths = (
			);
			runOnlyForDeploymentPostprocessing = 0;
			shellPath = /bin/sh;
			shellScript = "diff \"${PODS_ROOT}/../Podfile.lock\" \"${PODS_ROOT}/Manifest.lock\" > /dev/null\nif [[ $? != 0 ]] ; then\n    cat << EOM\nerror: The sandbox is not in sync with the Podfile.lock. Run 'pod install' or update your CocoaPods installation.\nEOM\n    exit 1\nfi\n";
			showEnvVarsInLog = 0;
		};
		967C567F5C9149B87B064E18 /* [CP] Copy Pods Resources */ = {
			isa = PBXShellScriptBuildPhase;
			buildActionMask = 2147483647;
			files = (
			);
			inputPaths = (
			);
			name = "[CP] Copy Pods Resources";
			outputPaths = (
			);
			runOnlyForDeploymentPostprocessing = 0;
			shellPath = /bin/sh;
			shellScript = "\"${SRCROOT}/Pods/Target Support Files/Pods-Photos/Pods-Photos-resources.sh\"\n";
			showEnvVarsInLog = 0;
		};
		B53FD01F6C81848C2137D9CF /* [CP] Copy Pods Resources */ = {
			isa = PBXShellScriptBuildPhase;
			buildActionMask = 2147483647;
			files = (
			);
			inputPaths = (
			);
			name = "[CP] Copy Pods Resources";
			outputPaths = (
			);
			runOnlyForDeploymentPostprocessing = 0;
			shellPath = /bin/sh;
			shellScript = "\"${SRCROOT}/Pods/Target Support Files/Pods-PhotosTests/Pods-PhotosTests-resources.sh\"\n";
			showEnvVarsInLog = 0;
		};
		BEC16BDC13840F9CA673AD7D /* [CP] Embed Pods Frameworks */ = {
			isa = PBXShellScriptBuildPhase;
			buildActionMask = 2147483647;
			files = (
			);
			inputPaths = (
			);
			name = "[CP] Embed Pods Frameworks";
			outputPaths = (
			);
			runOnlyForDeploymentPostprocessing = 0;
			shellPath = /bin/sh;
			shellScript = "\"${SRCROOT}/Pods/Target Support Files/Pods-PhotosTests/Pods-PhotosTests-frameworks.sh\"\n";
			showEnvVarsInLog = 0;
		};
/* End PBXShellScriptBuildPhase section */

/* Begin PBXSourcesBuildPhase section */
		A7AA68641D40D3B7004A5542 /* Sources */ = {
			isa = PBXSourcesBuildPhase;
			buildActionMask = 2147483647;
			files = (
				A7AA68FF1D4122A4004A5542 /* PSApiManager.m in Sources */,
				A7AA69491D414009004A5542 /* PSThumbnailCell.m in Sources */,
				A7AA699F1D41CE54004A5542 /* PSPhotoSearchViewController.m in Sources */,
				A7AA690B1D412B5A004A5542 /* PSDataManager.m in Sources */,
				A7AA68C01D40D83C004A5542 /* PSResponseSerializer.m in Sources */,
				A7AA69611D415F89004A5542 /* PSThumbnailMaker.m in Sources */,
				A7AA69191D412D9C004A5542 /* PSPhotosManager.m in Sources */,
				A7AA69521D4140E9004A5542 /* PSPhotoGridDataSource.m in Sources */,
				A7AA69381D413E03004A5542 /* PSAppCoordinator.m in Sources */,
				A7AA68FC1D40EF87004A5542 /* PSPlayground.m in Sources */,
				A7AA692E1D413466004A5542 /* PSPhoto.m in Sources */,
				A7AA696B1D4182C5004A5542 /* PSThumbnailResponseHandler.m in Sources */,
				A7AA69241D41336B004A5542 /* PSPhotosResponseHandler.m in Sources */,
				A7AA68C61D40E61F004A5542 /* JSONParseUtils.m in Sources */,
				A7AA68D11D40E63C004A5542 /* NSError+API.m in Sources */,
				A7AA68E61D40E78C004A5542 /* NSArray+StripNil.m in Sources */,
				A7AA68DD1D40E78C004A5542 /* NSObject+Runtime.m in Sources */,
				A7AA69761D41A28F004A5542 /* CancelationToken.m in Sources */,
				A7AA68BD1D40D83C004A5542 /* PSRequestSerializer.m in Sources */,
				A7AA690E1D412B5A004A5542 /* PSApiResponseHandler.m in Sources */,
				A7AA693F1D413FEB004A5542 /* PSPhotoGridViewController.m in Sources */,
				A7AA68731D40D3B7004A5542 /* ViewController.m in Sources */,
				A7AA68701D40D3B7004A5542 /* AppDelegate.m in Sources */,
				A7AA68E01D40E78C004A5542 /* NSObject+JSON.m in Sources */,
				A7AA68E31D40E78C004A5542 /* NSDictionary+StripNil.m in Sources */,
				A7AA69AC1D41E5E9004A5542 /* PSPhotoThumbnailURLMaker.m in Sources */,
				A7AA69331D413C85004A5542 /* UIViewController+Embed.m in Sources */,
				A7AA69141D412C2F004A5542 /* UIViewController+Top.m in Sources */,
				A7AA69041D412329004A5542 /* PSPhotosApiManager.m in Sources */,
				A7AA69291D413452004A5542 /* PSPhotosResponse.m in Sources */,
				A7AA68AD1D40D6C9004A5542 /* PSApiClient.m in Sources */,
				A7AA686D1D40D3B7004A5542 /* main.m in Sources */,
				A7AA691E1D413063004A5542 /* PSPageCursor.m in Sources */,
				A7AA68F41D40EB61004A5542 /* PSObject.m in Sources */,
				A7AA68B61D40D759004A5542 /* PSAppConfig.m in Sources */,
				A7AA68CE1D40E63C004A5542 /* PSServerSentError.m in Sources */,
			);
			runOnlyForDeploymentPostprocessing = 0;
		};
		A7AA687D1D40D3B8004A5542 /* Sources */ = {
			isa = PBXSourcesBuildPhase;
			buildActionMask = 2147483647;
			files = (
				A7AA69001D4122A4004A5542 /* PSApiManager.m in Sources */,
				A7AA694A1D414009004A5542 /* PSThumbnailCell.m in Sources */,
				A7AA69A01D41CE54004A5542 /* PSPhotoSearchViewController.m in Sources */,
				A7AA690C1D412B5A004A5542 /* PSDataManager.m in Sources */,
				A7AA68E41D40E78C004A5542 /* NSDictionary+StripNil.m in Sources */,
				A7AA69621D415F89004A5542 /* PSThumbnailMaker.m in Sources */,
				A7AA691A1D412D9C004A5542 /* PSPhotosManager.m in Sources */,
				A7AA69531D4140E9004A5542 /* PSPhotoGridDataSource.m in Sources */,
				A7AA69391D413E03004A5542 /* PSAppCoordinator.m in Sources */,
				A7AA68D21D40E63C004A5542 /* NSError+API.m in Sources */,
				A7AA692F1D413466004A5542 /* PSPhoto.m in Sources */,
				A7AA696C1D4182C5004A5542 /* PSThumbnailResponseHandler.m in Sources */,
				A7AA69251D41336B004A5542 /* PSPhotosResponseHandler.m in Sources */,
				A7AA68CF1D40E63C004A5542 /* PSServerSentError.m in Sources */,
				A7AA68DE1D40E78C004A5542 /* NSObject+Runtime.m in Sources */,
				A7AA68ED1D40E8C8004A5542 /* PSTestCase.m in Sources */,
				A7AA68E11D40E78C004A5542 /* NSObject+JSON.m in Sources */,
				A7AA69771D41A28F004A5542 /* CancelationToken.m in Sources */,
				A7AA68BE1D40D83C004A5542 /* PSRequestSerializer.m in Sources */,
				A7AA690F1D412B5A004A5542 /* PSApiResponseHandler.m in Sources */,
				A7AA69401D413FEB004A5542 /* PSPhotoGridViewController.m in Sources */,
				A7AA68B71D40D759004A5542 /* PSAppConfig.m in Sources */,
				A7AA68AE1D40D6C9004A5542 /* PSApiClient.m in Sources */,
				A7AA68F51D40EB61004A5542 /* PSObject.m in Sources */,
				A7AA68C11D40D83C004A5542 /* PSResponseSerializer.m in Sources */,
				A7AA69AD1D41E5E9004A5542 /* PSPhotoThumbnailURLMaker.m in Sources */,
				A7AA69341D413C85004A5542 /* UIViewController+Embed.m in Sources */,
				A7AA69151D412C2F004A5542 /* UIViewController+Top.m in Sources */,
				A7AA69051D412329004A5542 /* PSPhotosApiManager.m in Sources */,
				A7AA692A1D413452004A5542 /* PSPhotosResponse.m in Sources */,
				A7AA69B21D41F4E6004A5542 /* PSPhotoResponseHandler_Test.m in Sources */,
				A7AA68E71D40E78C004A5542 /* NSArray+StripNil.m in Sources */,
				A7AA68C71D40E61F004A5542 /* JSONParseUtils.m in Sources */,
				A7AA691F1D413063004A5542 /* PSPageCursor.m in Sources */,
				A7AA68EF1D40E985004A5542 /* PSRequestSerializer_Tests.m in Sources */,
				A7AA68EA1D40E894004A5542 /* PSApiClient_Tests.m in Sources */,
				A7AA68F11D40E99C004A5542 /* PSResponseSerializer_Tests.m in Sources */,
			);
			runOnlyForDeploymentPostprocessing = 0;
		};
		A7AA68881D40D3B8004A5542 /* Sources */ = {
			isa = PBXSourcesBuildPhase;
			buildActionMask = 2147483647;
			files = (
				A7AA68E51D40E78C004A5542 /* NSDictionary+StripNil.m in Sources */,
				A7AA696D1D4182C5004A5542 /* PSThumbnailResponseHandler.m in Sources */,
				A7AA68D31D40E63C004A5542 /* NSError+API.m in Sources */,
				A7AA69161D412C2F004A5542 /* UIViewController+Top.m in Sources */,
				A7AA68D01D40E63C004A5542 /* PSServerSentError.m in Sources */,
				A7AA694B1D414009004A5542 /* PSThumbnailCell.m in Sources */,
				A7AA69411D413FEB004A5542 /* PSPhotoGridViewController.m in Sources */,
				A7AA68DF1D40E78C004A5542 /* NSObject+Runtime.m in Sources */,
				A7AA68E21D40E78C004A5542 /* NSObject+JSON.m in Sources */,
				A7AA68BF1D40D83C004A5542 /* PSRequestSerializer.m in Sources */,
				A7AA69201D413063004A5542 /* PSPageCursor.m in Sources */,
				A7AA69351D413C85004A5542 /* UIViewController+Embed.m in Sources */,
				A7AA692B1D413452004A5542 /* PSPhotosResponse.m in Sources */,
				A7AA69541D4140E9004A5542 /* PSPhotoGridDataSource.m in Sources */,
				A7AA69781D41A28F004A5542 /* CancelationToken.m in Sources */,
				A7AA69101D412B5A004A5542 /* PSApiResponseHandler.m in Sources */,
				A7AA69061D412329004A5542 /* PSPhotosApiManager.m in Sources */,
				A7AA691B1D412D9C004A5542 /* PSPhotosManager.m in Sources */,
				A7AA68B81D40D759004A5542 /* PSAppConfig.m in Sources */,
				A7AA68AF1D40D6C9004A5542 /* PSApiClient.m in Sources */,
				A7AA68C21D40D83C004A5542 /* PSResponseSerializer.m in Sources */,
				A7AA693A1D413E03004A5542 /* PSAppCoordinator.m in Sources */,
				A7AA69631D415F89004A5542 /* PSThumbnailMaker.m in Sources */,
				A7AA69261D41336B004A5542 /* PSPhotosResponseHandler.m in Sources */,
				A7AA68F61D40EB61004A5542 /* PSObject.m in Sources */,
				A7AA68E81D40E78C004A5542 /* NSArray+StripNil.m in Sources */,
				A7AA690D1D412B5A004A5542 /* PSDataManager.m in Sources */,
				A7AA68911D40D3B8004A5542 /* PhotosUITests.m in Sources */,
				A7AA69A11D41CE54004A5542 /* PSPhotoSearchViewController.m in Sources */,
				A7AA68C81D40E61F004A5542 /* JSONParseUtils.m in Sources */,
				A7AA69011D4122A4004A5542 /* PSApiManager.m in Sources */,
				A7AA69AE1D41E5E9004A5542 /* PSPhotoThumbnailURLMaker.m in Sources */,
				A7AA69301D413466004A5542 /* PSPhoto.m in Sources */,
			);
			runOnlyForDeploymentPostprocessing = 0;
		};
/* End PBXSourcesBuildPhase section */

/* Begin PBXTargetDependency section */
		A7AA68831D40D3B8004A5542 /* PBXTargetDependency */ = {
			isa = PBXTargetDependency;
			target = A7AA68671D40D3B7004A5542 /* Photos */;
			targetProxy = A7AA68821D40D3B8004A5542 /* PBXContainerItemProxy */;
		};
		A7AA688E1D40D3B8004A5542 /* PBXTargetDependency */ = {
			isa = PBXTargetDependency;
			target = A7AA68671D40D3B7004A5542 /* Photos */;
			targetProxy = A7AA688D1D40D3B8004A5542 /* PBXContainerItemProxy */;
		};
/* End PBXTargetDependency section */

/* Begin PBXVariantGroup section */
		A7AA68791D40D3B7004A5542 /* LaunchScreen.storyboard */ = {
			isa = PBXVariantGroup;
			children = (
				A7AA687A1D40D3B7004A5542 /* Base */,
			);
			name = LaunchScreen.storyboard;
			sourceTree = "<group>";
		};
/* End PBXVariantGroup section */

/* Begin XCBuildConfiguration section */
		A7AA68931D40D3B8004A5542 /* Debug */ = {
			isa = XCBuildConfiguration;
			buildSettings = {
				ALWAYS_SEARCH_USER_PATHS = NO;
				CLANG_ANALYZER_NONNULL = YES;
				CLANG_CXX_LANGUAGE_STANDARD = "gnu++0x";
				CLANG_CXX_LIBRARY = "libc++";
				CLANG_ENABLE_MODULES = YES;
				CLANG_ENABLE_OBJC_ARC = YES;
				CLANG_WARN_BOOL_CONVERSION = YES;
				CLANG_WARN_CONSTANT_CONVERSION = YES;
				CLANG_WARN_DIRECT_OBJC_ISA_USAGE = YES_ERROR;
				CLANG_WARN_EMPTY_BODY = YES;
				CLANG_WARN_ENUM_CONVERSION = YES;
				CLANG_WARN_INT_CONVERSION = YES;
				CLANG_WARN_OBJC_ROOT_CLASS = YES_ERROR;
				CLANG_WARN_UNREACHABLE_CODE = YES;
				CLANG_WARN__DUPLICATE_METHOD_MATCH = YES;
				"CODE_SIGN_IDENTITY[sdk=iphoneos*]" = "iPhone Developer";
				COPY_PHASE_STRIP = NO;
				DEBUG_INFORMATION_FORMAT = dwarf;
				ENABLE_STRICT_OBJC_MSGSEND = YES;
				ENABLE_TESTABILITY = YES;
				GCC_C_LANGUAGE_STANDARD = gnu99;
				GCC_DYNAMIC_NO_PIC = NO;
				GCC_NO_COMMON_BLOCKS = YES;
				GCC_OPTIMIZATION_LEVEL = 0;
				GCC_PREPROCESSOR_DEFINITIONS = (
					"DEBUG=1",
					"$(inherited)",
				);
				GCC_WARN_64_TO_32_BIT_CONVERSION = YES;
				GCC_WARN_ABOUT_RETURN_TYPE = YES_ERROR;
				GCC_WARN_UNDECLARED_SELECTOR = YES;
				GCC_WARN_UNINITIALIZED_AUTOS = YES_AGGRESSIVE;
				GCC_WARN_UNUSED_FUNCTION = YES;
				GCC_WARN_UNUSED_VARIABLE = YES;
				IPHONEOS_DEPLOYMENT_TARGET = 9.3;
				MTL_ENABLE_DEBUG_INFO = YES;
				ONLY_ACTIVE_ARCH = YES;
				SDKROOT = iphoneos;
			};
			name = Debug;
		};
		A7AA68941D40D3B8004A5542 /* Release */ = {
			isa = XCBuildConfiguration;
			buildSettings = {
				ALWAYS_SEARCH_USER_PATHS = NO;
				CLANG_ANALYZER_NONNULL = YES;
				CLANG_CXX_LANGUAGE_STANDARD = "gnu++0x";
				CLANG_CXX_LIBRARY = "libc++";
				CLANG_ENABLE_MODULES = YES;
				CLANG_ENABLE_OBJC_ARC = YES;
				CLANG_WARN_BOOL_CONVERSION = YES;
				CLANG_WARN_CONSTANT_CONVERSION = YES;
				CLANG_WARN_DIRECT_OBJC_ISA_USAGE = YES_ERROR;
				CLANG_WARN_EMPTY_BODY = YES;
				CLANG_WARN_ENUM_CONVERSION = YES;
				CLANG_WARN_INT_CONVERSION = YES;
				CLANG_WARN_OBJC_ROOT_CLASS = YES_ERROR;
				CLANG_WARN_UNREACHABLE_CODE = YES;
				CLANG_WARN__DUPLICATE_METHOD_MATCH = YES;
				"CODE_SIGN_IDENTITY[sdk=iphoneos*]" = "iPhone Developer";
				COPY_PHASE_STRIP = NO;
				DEBUG_INFORMATION_FORMAT = "dwarf-with-dsym";
				ENABLE_NS_ASSERTIONS = NO;
				ENABLE_STRICT_OBJC_MSGSEND = YES;
				GCC_C_LANGUAGE_STANDARD = gnu99;
				GCC_NO_COMMON_BLOCKS = YES;
				GCC_WARN_64_TO_32_BIT_CONVERSION = YES;
				GCC_WARN_ABOUT_RETURN_TYPE = YES_ERROR;
				GCC_WARN_UNDECLARED_SELECTOR = YES;
				GCC_WARN_UNINITIALIZED_AUTOS = YES_AGGRESSIVE;
				GCC_WARN_UNUSED_FUNCTION = YES;
				GCC_WARN_UNUSED_VARIABLE = YES;
				IPHONEOS_DEPLOYMENT_TARGET = 9.3;
				MTL_ENABLE_DEBUG_INFO = NO;
				SDKROOT = iphoneos;
				VALIDATE_PRODUCT = YES;
			};
			name = Release;
		};
		A7AA68961D40D3B8004A5542 /* Debug */ = {
			isa = XCBuildConfiguration;
			baseConfigurationReference = 6A441D98D0CA5DC0644B0F99 /* Pods-Photos.debug.xcconfig */;
			buildSettings = {
				ASSETCATALOG_COMPILER_APPICON_NAME = AppIcon;
				INFOPLIST_FILE = Photos/Info.plist;
				LD_RUNPATH_SEARCH_PATHS = "$(inherited) @executable_path/Frameworks";
				PRODUCT_BUNDLE_IDENTIFIER = com.mihaylov.bozhidar.Photos;
				PRODUCT_NAME = "$(TARGET_NAME)";
			};
			name = Debug;
		};
		A7AA68971D40D3B8004A5542 /* Release */ = {
			isa = XCBuildConfiguration;
			baseConfigurationReference = 35691B6F63EFB32C6EA741B2 /* Pods-Photos.release.xcconfig */;
			buildSettings = {
				ASSETCATALOG_COMPILER_APPICON_NAME = AppIcon;
				INFOPLIST_FILE = Photos/Info.plist;
				LD_RUNPATH_SEARCH_PATHS = "$(inherited) @executable_path/Frameworks";
				PRODUCT_BUNDLE_IDENTIFIER = com.mihaylov.bozhidar.Photos;
				PRODUCT_NAME = "$(TARGET_NAME)";
			};
			name = Release;
		};
		A7AA68991D40D3B8004A5542 /* Debug */ = {
			isa = XCBuildConfiguration;
			baseConfigurationReference = 704030D27233777CD58C99FC /* Pods-PhotosTests.debug.xcconfig */;
			buildSettings = {
				BUNDLE_LOADER = "$(TEST_HOST)";
				INFOPLIST_FILE = PhotosTests/Info.plist;
				LD_RUNPATH_SEARCH_PATHS = "$(inherited) @executable_path/Frameworks @loader_path/Frameworks";
				PRODUCT_BUNDLE_IDENTIFIER = com.mihaylov.bozhidar.PhotosTests;
				PRODUCT_NAME = "$(TARGET_NAME)";
				TEST_HOST = "$(BUILT_PRODUCTS_DIR)/Photos.app/Photos";
			};
			name = Debug;
		};
		A7AA689A1D40D3B8004A5542 /* Release */ = {
			isa = XCBuildConfiguration;
			baseConfigurationReference = 56CB0EDC0A171793521E321A /* Pods-PhotosTests.release.xcconfig */;
			buildSettings = {
				BUNDLE_LOADER = "$(TEST_HOST)";
				INFOPLIST_FILE = PhotosTests/Info.plist;
				LD_RUNPATH_SEARCH_PATHS = "$(inherited) @executable_path/Frameworks @loader_path/Frameworks";
				PRODUCT_BUNDLE_IDENTIFIER = com.mihaylov.bozhidar.PhotosTests;
				PRODUCT_NAME = "$(TARGET_NAME)";
				TEST_HOST = "$(BUILT_PRODUCTS_DIR)/Photos.app/Photos";
			};
			name = Release;
		};
		A7AA689C1D40D3B8004A5542 /* Debug */ = {
			isa = XCBuildConfiguration;
			baseConfigurationReference = 2AF5EBE585D8D8D7200D0DE1 /* Pods-PhotosUITests.debug.xcconfig */;
			buildSettings = {
				INFOPLIST_FILE = PhotosUITests/Info.plist;
				LD_RUNPATH_SEARCH_PATHS = "$(inherited) @executable_path/Frameworks @loader_path/Frameworks";
				PRODUCT_BUNDLE_IDENTIFIER = com.mihaylov.bozhidar.PhotosUITests;
				PRODUCT_NAME = "$(TARGET_NAME)";
				TEST_TARGET_NAME = Photos;
			};
			name = Debug;
		};
		A7AA689D1D40D3B8004A5542 /* Release */ = {
			isa = XCBuildConfiguration;
			baseConfigurationReference = 8EFA359EBC18685EBAC98898 /* Pods-PhotosUITests.release.xcconfig */;
			buildSettings = {
				INFOPLIST_FILE = PhotosUITests/Info.plist;
				LD_RUNPATH_SEARCH_PATHS = "$(inherited) @executable_path/Frameworks @loader_path/Frameworks";
				PRODUCT_BUNDLE_IDENTIFIER = com.mihaylov.bozhidar.PhotosUITests;
				PRODUCT_NAME = "$(TARGET_NAME)";
				TEST_TARGET_NAME = Photos;
			};
			name = Release;
		};
/* End XCBuildConfiguration section */

/* Begin XCConfigurationList section */
		A7AA68631D40D3B7004A5542 /* Build configuration list for PBXProject "Photos" */ = {
			isa = XCConfigurationList;
			buildConfigurations = (
				A7AA68931D40D3B8004A5542 /* Debug */,
				A7AA68941D40D3B8004A5542 /* Release */,
			);
			defaultConfigurationIsVisible = 0;
			defaultConfigurationName = Release;
		};
		A7AA68951D40D3B8004A5542 /* Build configuration list for PBXNativeTarget "Photos" */ = {
			isa = XCConfigurationList;
			buildConfigurations = (
				A7AA68961D40D3B8004A5542 /* Debug */,
				A7AA68971D40D3B8004A5542 /* Release */,
			);
			defaultConfigurationIsVisible = 0;
			defaultConfigurationName = Release;
		};
		A7AA68981D40D3B8004A5542 /* Build configuration list for PBXNativeTarget "PhotosTests" */ = {
			isa = XCConfigurationList;
			buildConfigurations = (
				A7AA68991D40D3B8004A5542 /* Debug */,
				A7AA689A1D40D3B8004A5542 /* Release */,
			);
			defaultConfigurationIsVisible = 0;
			defaultConfigurationName = Release;
		};
		A7AA689B1D40D3B8004A5542 /* Build configuration list for PBXNativeTarget "PhotosUITests" */ = {
			isa = XCConfigurationList;
			buildConfigurations = (
				A7AA689C1D40D3B8004A5542 /* Debug */,
				A7AA689D1D40D3B8004A5542 /* Release */,
			);
			defaultConfigurationIsVisible = 0;
			defaultConfigurationName = Release;
		};
/* End XCConfigurationList section */
	};
	rootObject = A7AA68601D40D3B7004A5542 /* Project object */;
}
